// !$*UTF8*$!
{
	archiveVersion = 1;
	classes = {
	};
	objectVersion = 55;
	objects = {

/* Begin PBXBuildFile section */
		25A4226B2887E9C00027C043 /* SisaUangCardView.swift in Sources */ = {isa = PBXBuildFile; fileRef = 25A4226A2887E9C00027C043 /* SisaUangCardView.swift */; };
		25A4226F2887EA000027C043 /* MainScreen.swift in Sources */ = {isa = PBXBuildFile; fileRef = 25A4226E2887EA000027C043 /* MainScreen.swift */; };
		25A422732887F4BD0027C043 /* CardViewExpenses.swift in Sources */ = {isa = PBXBuildFile; fileRef = 25A422722887F4BD0027C043 /* CardViewExpenses.swift */; };
		41019AF42861A9F800CBF3D8 /* mimoniApp.swift in Sources */ = {isa = PBXBuildFile; fileRef = 41019AF32861A9F800CBF3D8 /* mimoniApp.swift */; };
		41019AF82861A9FA00CBF3D8 /* Assets.xcassets in Resources */ = {isa = PBXBuildFile; fileRef = 41019AF72861A9FA00CBF3D8 /* Assets.xcassets */; };
		41019AFB2861A9FA00CBF3D8 /* Preview Assets.xcassets in Resources */ = {isa = PBXBuildFile; fileRef = 41019AFA2861A9FA00CBF3D8 /* Preview Assets.xcassets */; };
		41019B072861AD1100CBF3D8 /* InputIncome.swift in Sources */ = {isa = PBXBuildFile; fileRef = 41019B062861AD1100CBF3D8 /* InputIncome.swift */; };
		4144A0CD2865985D00917D31 /* SetupBudget.swift in Sources */ = {isa = PBXBuildFile; fileRef = 4144A0CC2865985D00917D31 /* SetupBudget.swift */; };
		416315B62864641600C3B36B /* Wine.swift in Sources */ = {isa = PBXBuildFile; fileRef = 416315B52864641600C3B36B /* Wine.swift */; };
		4175D9B32887E358007D8458 /* AddExpenseMainView.swift in Sources */ = {isa = PBXBuildFile; fileRef = 4175D9B22887E358007D8458 /* AddExpenseMainView.swift */; };
		41A760B028815E78009B4CF8 /* AddExpenseView.swift in Sources */ = {isa = PBXBuildFile; fileRef = 41A760AF28815E78009B4CF8 /* AddExpenseView.swift */; };
		41BE7EC72869909B00F32CB9 /* AddBudgetView.swift in Sources */ = {isa = PBXBuildFile; fileRef = 41BE7EC62869909B00F32CB9 /* AddBudgetView.swift */; };
		7896969A288034A400C690FC /* Charts.framework in Frameworks */ = {isa = PBXBuildFile; fileRef = 789696972880343700C690FC /* Charts.framework */; platformFilter = ios; };
		7896969B288034A400C690FC /* Charts.framework in Embed Frameworks */ = {isa = PBXBuildFile; fileRef = 789696972880343700C690FC /* Charts.framework */; settings = {ATTRIBUTES = (CodeSignOnCopy, RemoveHeadersOnCopy, ); }; };
		789696A22880356600C690FC /* colors.swift in Sources */ = {isa = PBXBuildFile; fileRef = 7896969D2880356600C690FC /* colors.swift */; };
		789696AA2880366000C690FC /* NavBarBackButton.swift in Sources */ = {isa = PBXBuildFile; fileRef = 789696A62880366000C690FC /* NavBarBackButton.swift */; };
		789696AB2880366000C690FC /* textfield.swift in Sources */ = {isa = PBXBuildFile; fileRef = 789696A82880366000C690FC /* textfield.swift */; };
		789696AC2880366000C690FC /* color.swift in Sources */ = {isa = PBXBuildFile; fileRef = 789696A92880366000C690FC /* color.swift */; };
		A010167D287D671800F9D128 /* WidgetKit.framework in Frameworks */ = {isa = PBXBuildFile; fileRef = A010167C287D671800F9D128 /* WidgetKit.framework */; };
		A010167F287D671800F9D128 /* SwiftUI.framework in Frameworks */ = {isa = PBXBuildFile; fileRef = A010167E287D671800F9D128 /* SwiftUI.framework */; };
		A0101682287D671800F9D128 /* MonehWidget.swift in Sources */ = {isa = PBXBuildFile; fileRef = A0101681287D671800F9D128 /* MonehWidget.swift */; };
		A0101685287D671A00F9D128 /* Assets.xcassets in Resources */ = {isa = PBXBuildFile; fileRef = A0101684287D671A00F9D128 /* Assets.xcassets */; };
		A0101687287D671A00F9D128 /* MonehWidget.intentdefinition in Sources */ = {isa = PBXBuildFile; fileRef = A0101683287D671800F9D128 /* MonehWidget.intentdefinition */; };
		A0101688287D671A00F9D128 /* MonehWidget.intentdefinition in Sources */ = {isa = PBXBuildFile; fileRef = A0101683287D671800F9D128 /* MonehWidget.intentdefinition */; };
		A010168B287D671A00F9D128 /* MonehWidgetExtension.appex in Embed App Extensions */ = {isa = PBXBuildFile; fileRef = A010167B287D671800F9D128 /* MonehWidgetExtension.appex */; settings = {ATTRIBUTES = (RemoveHeadersOnCopy, ); }; };
		A0C34EF1287EB8EE0029522B /* TimelineProvider.swift in Sources */ = {isa = PBXBuildFile; fileRef = A0C34EF0287EB8EE0029522B /* TimelineProvider.swift */; };
		A0C34EF3287EBF900029522B /* TimelineEntry.swift in Sources */ = {isa = PBXBuildFile; fileRef = A0C34EF2287EBF900029522B /* TimelineEntry.swift */; };
		A0C34EF7287EC0100029522B /* MonehWidgetView.swift in Sources */ = {isa = PBXBuildFile; fileRef = A0C34EF6287EC0100029522B /* MonehWidgetView.swift */; };
		A0DC8E0E288A8C0000915454 /* Moneh.xcdatamodeld in Sources */ = {isa = PBXBuildFile; fileRef = A0DC8E0C288A8C0000915454 /* Moneh.xcdatamodeld */; };
		A0DC8E10288A8DB900915454 /* DataController.swift in Sources */ = {isa = PBXBuildFile; fileRef = A0DC8E0F288A8DB900915454 /* DataController.swift */; };
		EC0797E12861B2880062E89B /* OnboardingView.swift in Sources */ = {isa = PBXBuildFile; fileRef = EC0797E02861B2880062E89B /* OnboardingView.swift */; };
		EC0797E32861B5C70062E89B /* LaunchView.swift in Sources */ = {isa = PBXBuildFile; fileRef = EC0797E22861B5C70062E89B /* LaunchView.swift */; };
		EC575558286AF36800CA63B4 /* EditBudgetView.swift in Sources */ = {isa = PBXBuildFile; fileRef = EC575557286AF36800CA63B4 /* EditBudgetView.swift */; };
		EC57555D286AF69200CA63B4 /* ModalView in Frameworks */ = {isa = PBXBuildFile; productRef = EC57555C286AF69200CA63B4 /* ModalView */; };
		EC575565287C070E00CA63B4 /* CardView.swift in Sources */ = {isa = PBXBuildFile; fileRef = EC575564287C070E00CA63B4 /* CardView.swift */; };
		EC575569287C2AEF00CA63B4 /* WalletCardView.swift in Sources */ = {isa = PBXBuildFile; fileRef = EC575568287C2AEF00CA63B4 /* WalletCardView.swift */; };
		EC57556B287C2AFB00CA63B4 /* RecommendationCardView.swift in Sources */ = {isa = PBXBuildFile; fileRef = EC57556A287C2AFB00CA63B4 /* RecommendationCardView.swift */; };
		EC5953E428630A7200B0C200 /* PieChart.swift in Sources */ = {isa = PBXBuildFile; fileRef = EC5953E328630A7200B0C200 /* PieChart.swift */; };
/* End PBXBuildFile section */

/* Begin PBXContainerItemProxy section */
		789696962880343700C690FC /* PBXContainerItemProxy */ = {
			isa = PBXContainerItemProxy;
			containerPortal = 789696912880343700C690FC /* Charts.xcodeproj */;
			proxyType = 2;
			remoteGlobalIDString = 65AD9E95D9ED4DC0BD73A743;
			remoteInfo = Charts;
		};
		789696982880343700C690FC /* PBXContainerItemProxy */ = {
			isa = PBXContainerItemProxy;
			containerPortal = 789696912880343700C690FC /* Charts.xcodeproj */;
			proxyType = 2;
			remoteGlobalIDString = 1CBBC58C6CE1EBEE9852CE41;
			remoteInfo = ChartsTests;
		};
		A0101689287D671A00F9D128 /* PBXContainerItemProxy */ = {
			isa = PBXContainerItemProxy;
			containerPortal = 41019AE82861A9F800CBF3D8 /* Project object */;
			proxyType = 1;
			remoteGlobalIDString = A010167A287D671800F9D128;
			remoteInfo = MonehWidgetExtension;
		};
/* End PBXContainerItemProxy section */

/* Begin PBXCopyFilesBuildPhase section */
		41BE7EC528698E7100F32CB9 /* Embed Frameworks */ = {
			isa = PBXCopyFilesBuildPhase;
			buildActionMask = 2147483647;
			dstPath = "";
			dstSubfolderSpec = 10;
			files = (
				7896969B288034A400C690FC /* Charts.framework in Embed Frameworks */,
			);
			name = "Embed Frameworks";
			runOnlyForDeploymentPostprocessing = 0;
		};
		A010168F287D671A00F9D128 /* Embed App Extensions */ = {
			isa = PBXCopyFilesBuildPhase;
			buildActionMask = 12;
			dstPath = "";
			dstSubfolderSpec = 13;
			files = (
				A010168B287D671A00F9D128 /* MonehWidgetExtension.appex in Embed App Extensions */,
			);
			name = "Embed App Extensions";
			runOnlyForDeploymentPostprocessing = 0;
		};
/* End PBXCopyFilesBuildPhase section */

/* Begin PBXFileReference section */
		25A4226A2887E9C00027C043 /* SisaUangCardView.swift */ = {isa = PBXFileReference; lastKnownFileType = sourcecode.swift; path = SisaUangCardView.swift; sourceTree = "<group>"; };
		25A4226E2887EA000027C043 /* MainScreen.swift */ = {isa = PBXFileReference; lastKnownFileType = sourcecode.swift; path = MainScreen.swift; sourceTree = "<group>"; };
		25A422722887F4BD0027C043 /* CardViewExpenses.swift */ = {isa = PBXFileReference; lastKnownFileType = sourcecode.swift; path = CardViewExpenses.swift; sourceTree = "<group>"; };
		41019AF02861A9F800CBF3D8 /* mimoni.app */ = {isa = PBXFileReference; explicitFileType = wrapper.application; includeInIndex = 0; path = mimoni.app; sourceTree = BUILT_PRODUCTS_DIR; };
		41019AF32861A9F800CBF3D8 /* mimoniApp.swift */ = {isa = PBXFileReference; lastKnownFileType = sourcecode.swift; path = mimoniApp.swift; sourceTree = "<group>"; };
		41019AF72861A9FA00CBF3D8 /* Assets.xcassets */ = {isa = PBXFileReference; lastKnownFileType = folder.assetcatalog; path = Assets.xcassets; sourceTree = "<group>"; };
		41019AFA2861A9FA00CBF3D8 /* Preview Assets.xcassets */ = {isa = PBXFileReference; lastKnownFileType = folder.assetcatalog; path = "Preview Assets.xcassets"; sourceTree = "<group>"; };
		41019B062861AD1100CBF3D8 /* InputIncome.swift */ = {isa = PBXFileReference; lastKnownFileType = sourcecode.swift; path = InputIncome.swift; sourceTree = "<group>"; };
		4144A0CC2865985D00917D31 /* SetupBudget.swift */ = {isa = PBXFileReference; lastKnownFileType = sourcecode.swift; path = SetupBudget.swift; sourceTree = "<group>"; };
		416315B52864641600C3B36B /* Wine.swift */ = {isa = PBXFileReference; lastKnownFileType = sourcecode.swift; path = Wine.swift; sourceTree = "<group>"; };
		416315B72864649200C3B36B /* Charts-master */ = {isa = PBXFileReference; lastKnownFileType = wrapper; name = "Charts-master"; path = "../../../../../Downloads/Charts-master"; sourceTree = "<group>"; };
		4175D9B22887E358007D8458 /* AddExpenseMainView.swift */ = {isa = PBXFileReference; lastKnownFileType = sourcecode.swift; path = AddExpenseMainView.swift; sourceTree = "<group>"; };
		41A760AF28815E78009B4CF8 /* AddExpenseView.swift */ = {isa = PBXFileReference; lastKnownFileType = sourcecode.swift; path = AddExpenseView.swift; sourceTree = "<group>"; };
		41BE7EC62869909B00F32CB9 /* AddBudgetView.swift */ = {isa = PBXFileReference; lastKnownFileType = sourcecode.swift; path = AddBudgetView.swift; sourceTree = "<group>"; };
		789696912880343700C690FC /* Charts.xcodeproj */ = {isa = PBXFileReference; lastKnownFileType = "wrapper.pb-project"; name = Charts.xcodeproj; path = "Charts-master/Charts.xcodeproj"; sourceTree = SOURCE_ROOT; };
		7896969D2880356600C690FC /* colors.swift */ = {isa = PBXFileReference; fileEncoding = 4; lastKnownFileType = sourcecode.swift; path = colors.swift; sourceTree = "<group>"; };
		789696A62880366000C690FC /* NavBarBackButton.swift */ = {isa = PBXFileReference; fileEncoding = 4; lastKnownFileType = sourcecode.swift; path = NavBarBackButton.swift; sourceTree = "<group>"; };
		789696A82880366000C690FC /* textfield.swift */ = {isa = PBXFileReference; fileEncoding = 4; lastKnownFileType = sourcecode.swift; path = textfield.swift; sourceTree = "<group>"; };
		789696A92880366000C690FC /* color.swift */ = {isa = PBXFileReference; fileEncoding = 4; lastKnownFileType = sourcecode.swift; path = color.swift; sourceTree = "<group>"; };
		A010167B287D671800F9D128 /* MonehWidgetExtension.appex */ = {isa = PBXFileReference; explicitFileType = "wrapper.app-extension"; includeInIndex = 0; path = MonehWidgetExtension.appex; sourceTree = BUILT_PRODUCTS_DIR; };
		A010167C287D671800F9D128 /* WidgetKit.framework */ = {isa = PBXFileReference; lastKnownFileType = wrapper.framework; name = WidgetKit.framework; path = System/Library/Frameworks/WidgetKit.framework; sourceTree = SDKROOT; };
		A010167E287D671800F9D128 /* SwiftUI.framework */ = {isa = PBXFileReference; lastKnownFileType = wrapper.framework; name = SwiftUI.framework; path = System/Library/Frameworks/SwiftUI.framework; sourceTree = SDKROOT; };
		A0101681287D671800F9D128 /* MonehWidget.swift */ = {isa = PBXFileReference; lastKnownFileType = sourcecode.swift; path = MonehWidget.swift; sourceTree = "<group>"; };
		A0101683287D671800F9D128 /* MonehWidget.intentdefinition */ = {isa = PBXFileReference; lastKnownFileType = file.intentdefinition; path = MonehWidget.intentdefinition; sourceTree = "<group>"; };
		A0101684287D671A00F9D128 /* Assets.xcassets */ = {isa = PBXFileReference; lastKnownFileType = folder.assetcatalog; path = Assets.xcassets; sourceTree = "<group>"; };
		A0101686287D671A00F9D128 /* Info.plist */ = {isa = PBXFileReference; lastKnownFileType = text.plist.xml; path = Info.plist; sourceTree = "<group>"; };
		A0C34EF0287EB8EE0029522B /* TimelineProvider.swift */ = {isa = PBXFileReference; lastKnownFileType = sourcecode.swift; path = TimelineProvider.swift; sourceTree = "<group>"; };
		A0C34EF2287EBF900029522B /* TimelineEntry.swift */ = {isa = PBXFileReference; lastKnownFileType = sourcecode.swift; path = TimelineEntry.swift; sourceTree = "<group>"; };
		A0C34EF6287EC0100029522B /* MonehWidgetView.swift */ = {isa = PBXFileReference; lastKnownFileType = sourcecode.swift; path = MonehWidgetView.swift; sourceTree = "<group>"; };
		A0DC8E0D288A8C0000915454 /* Moneh.xcdatamodel */ = {isa = PBXFileReference; lastKnownFileType = wrapper.xcdatamodel; path = Moneh.xcdatamodel; sourceTree = "<group>"; };
		A0DC8E0F288A8DB900915454 /* DataController.swift */ = {isa = PBXFileReference; lastKnownFileType = sourcecode.swift; path = DataController.swift; sourceTree = "<group>"; };
		EC0797E02861B2880062E89B /* OnboardingView.swift */ = {isa = PBXFileReference; lastKnownFileType = sourcecode.swift; path = OnboardingView.swift; sourceTree = "<group>"; };
		EC0797E22861B5C70062E89B /* LaunchView.swift */ = {isa = PBXFileReference; lastKnownFileType = sourcecode.swift; path = LaunchView.swift; sourceTree = "<group>"; };
		EC575557286AF36800CA63B4 /* EditBudgetView.swift */ = {isa = PBXFileReference; lastKnownFileType = sourcecode.swift; path = EditBudgetView.swift; sourceTree = "<group>"; };
		EC575564287C070E00CA63B4 /* CardView.swift */ = {isa = PBXFileReference; lastKnownFileType = sourcecode.swift; path = CardView.swift; sourceTree = "<group>"; };
		EC575568287C2AEF00CA63B4 /* WalletCardView.swift */ = {isa = PBXFileReference; lastKnownFileType = sourcecode.swift; path = WalletCardView.swift; sourceTree = "<group>"; };
		EC57556A287C2AFB00CA63B4 /* RecommendationCardView.swift */ = {isa = PBXFileReference; lastKnownFileType = sourcecode.swift; path = RecommendationCardView.swift; sourceTree = "<group>"; };
		EC5953E328630A7200B0C200 /* PieChart.swift */ = {isa = PBXFileReference; lastKnownFileType = sourcecode.swift; path = PieChart.swift; sourceTree = "<group>"; };
/* End PBXFileReference section */

/* Begin PBXFrameworksBuildPhase section */
		41019AED2861A9F800CBF3D8 /* Frameworks */ = {
			isa = PBXFrameworksBuildPhase;
			buildActionMask = 2147483647;
			files = (
				EC57555D286AF69200CA63B4 /* ModalView in Frameworks */,
				7896969A288034A400C690FC /* Charts.framework in Frameworks */,
			);
			runOnlyForDeploymentPostprocessing = 0;
		};
		A0101678287D671800F9D128 /* Frameworks */ = {
			isa = PBXFrameworksBuildPhase;
			buildActionMask = 2147483647;
			files = (
				A010167F287D671800F9D128 /* SwiftUI.framework in Frameworks */,
				A010167D287D671800F9D128 /* WidgetKit.framework in Frameworks */,
			);
			runOnlyForDeploymentPostprocessing = 0;
		};
/* End PBXFrameworksBuildPhase section */

/* Begin PBXGroup section */
		41019AE72861A9F800CBF3D8 = {
			isa = PBXGroup;
			children = (
				41019AF22861A9F800CBF3D8 /* mimoni */,
				A0101680287D671800F9D128 /* MonehWidget */,
				41019AF12861A9F800CBF3D8 /* Products */,
				EC5953DF2863036300B0C200 /* Frameworks */,
			);
			sourceTree = "<group>";
		};
		41019AF12861A9F800CBF3D8 /* Products */ = {
			isa = PBXGroup;
			children = (
				41019AF02861A9F800CBF3D8 /* mimoni.app */,
				A010167B287D671800F9D128 /* MonehWidgetExtension.appex */,
			);
			name = Products;
			sourceTree = "<group>";
		};
		41019AF22861A9F800CBF3D8 /* mimoni */ = {
			isa = PBXGroup;
			children = (
				A0DC8E06288A8B0300915454 /* model */,
				789696A52880366000C690FC /* utils */,
				7896969D2880356600C690FC /* colors.swift */,
				EC575562286ED79300CA63B4 /* object */,
				EC575561286ED74000CA63B4 /* component */,
				EC5953E728631FB400B0C200 /* view */,
				41019AF32861A9F800CBF3D8 /* mimoniApp.swift */,
				25A4226E2887EA000027C043 /* MainScreen.swift */,
				41019B062861AD1100CBF3D8 /* InputIncome.swift */,
				4144A0CC2865985D00917D31 /* SetupBudget.swift */,
				41019AF72861A9FA00CBF3D8 /* Assets.xcassets */,
				789696912880343700C690FC /* Charts.xcodeproj */,
				41019AF92861A9FA00CBF3D8 /* Preview Content */,
			);
			path = mimoni;
			sourceTree = "<group>";
		};
		41019AF92861A9FA00CBF3D8 /* Preview Content */ = {
			isa = PBXGroup;
			children = (
				41019AFA2861A9FA00CBF3D8 /* Preview Assets.xcassets */,
			);
			path = "Preview Content";
			sourceTree = "<group>";
		};
		789696922880343700C690FC /* Products */ = {
			isa = PBXGroup;
			children = (
				789696972880343700C690FC /* Charts.framework */,
				789696992880343700C690FC /* ChartsTests.xctest */,
			);
			name = Products;
			sourceTree = "<group>";
		};
		789696A52880366000C690FC /* utils */ = {
			isa = PBXGroup;
			children = (
				789696A62880366000C690FC /* NavBarBackButton.swift */,
				789696A72880366000C690FC /* extensions */,
			);
			path = utils;
			sourceTree = "<group>";
		};
		789696A72880366000C690FC /* extensions */ = {
			isa = PBXGroup;
			children = (
				789696A82880366000C690FC /* textfield.swift */,
				789696A92880366000C690FC /* color.swift */,
			);
			path = extensions;
			sourceTree = "<group>";
		};
		A0101680287D671800F9D128 /* MonehWidget */ = {
			isa = PBXGroup;
			children = (
				A0101681287D671800F9D128 /* MonehWidget.swift */,
				A0C34EF6287EC0100029522B /* MonehWidgetView.swift */,
				A0C34EF0287EB8EE0029522B /* TimelineProvider.swift */,
				A0C34EF2287EBF900029522B /* TimelineEntry.swift */,
				A0101683287D671800F9D128 /* MonehWidget.intentdefinition */,
				A0101684287D671A00F9D128 /* Assets.xcassets */,
				A0101686287D671A00F9D128 /* Info.plist */,
			);
			path = MonehWidget;
			sourceTree = "<group>";
		};
		A0DC8E06288A8B0300915454 /* model */ = {
			isa = PBXGroup;
			children = (
				A0DC8E0C288A8C0000915454 /* Moneh.xcdatamodeld */,
				A0DC8E0F288A8DB900915454 /* DataController.swift */,
			);
			path = model;
			sourceTree = "<group>";
		};
		EC0797DF2861B2640062E89B /* onboarding */ = {
			isa = PBXGroup;
			children = (
				EC0797E02861B2880062E89B /* OnboardingView.swift */,
				EC0797E22861B5C70062E89B /* LaunchView.swift */,
			);
			path = onboarding;
			sourceTree = "<group>";
		};
		EC575561286ED74000CA63B4 /* component */ = {
			isa = PBXGroup;
			children = (
				EC5953E328630A7200B0C200 /* PieChart.swift */,
				EC575564287C070E00CA63B4 /* CardView.swift */,
				EC575568287C2AEF00CA63B4 /* WalletCardView.swift */,
				EC57556A287C2AFB00CA63B4 /* RecommendationCardView.swift */,
				25A4226A2887E9C00027C043 /* SisaUangCardView.swift */,
				25A422722887F4BD0027C043 /* CardViewExpenses.swift */,
			);
			path = component;
			sourceTree = "<group>";
		};
		EC575562286ED79300CA63B4 /* object */ = {
			isa = PBXGroup;
			children = (
				416315B52864641600C3B36B /* Wine.swift */,
			);
			path = object;
			sourceTree = "<group>";
		};
		EC575563286ED85200CA63B4 /* modal */ = {
			isa = PBXGroup;
			children = (
				41BE7EC62869909B00F32CB9 /* AddBudgetView.swift */,
				41A760AF28815E78009B4CF8 /* AddExpenseView.swift */,
				4175D9B22887E358007D8458 /* AddExpenseMainView.swift */,
				EC575557286AF36800CA63B4 /* EditBudgetView.swift */,
			);
			path = modal;
			sourceTree = "<group>";
		};
		EC5953DF2863036300B0C200 /* Frameworks */ = {
			isa = PBXGroup;
			children = (
				416315B72864649200C3B36B /* Charts-master */,
				A010167C287D671800F9D128 /* WidgetKit.framework */,
				A010167E287D671800F9D128 /* SwiftUI.framework */,
			);
			name = Frameworks;
			sourceTree = "<group>";
		};
		EC5953E728631FB400B0C200 /* view */ = {
			isa = PBXGroup;
			children = (
				EC575563286ED85200CA63B4 /* modal */,
				EC0797DF2861B2640062E89B /* onboarding */,
			);
			path = view;
			sourceTree = "<group>";
		};
/* End PBXGroup section */

/* Begin PBXNativeTarget section */
		41019AEF2861A9F800CBF3D8 /* mimoni */ = {
			isa = PBXNativeTarget;
			buildConfigurationList = 41019B032861A9FA00CBF3D8 /* Build configuration list for PBXNativeTarget "mimoni" */;
			buildPhases = (
				41019AEC2861A9F800CBF3D8 /* Sources */,
				41019AED2861A9F800CBF3D8 /* Frameworks */,
				41019AEE2861A9F800CBF3D8 /* Resources */,
				41BE7EC528698E7100F32CB9 /* Embed Frameworks */,
				A010168F287D671A00F9D128 /* Embed App Extensions */,
			);
			buildRules = (
			);
			dependencies = (
				A010168A287D671A00F9D128 /* PBXTargetDependency */,
			);
			name = mimoni;
			packageProductDependencies = (
				EC57555C286AF69200CA63B4 /* ModalView */,
			);
			productName = mimoni;
			productReference = 41019AF02861A9F800CBF3D8 /* mimoni.app */;
			productType = "com.apple.product-type.application";
		};
		A010167A287D671800F9D128 /* MonehWidgetExtension */ = {
			isa = PBXNativeTarget;
			buildConfigurationList = A010168C287D671A00F9D128 /* Build configuration list for PBXNativeTarget "MonehWidgetExtension" */;
			buildPhases = (
				A0101677287D671800F9D128 /* Sources */,
				A0101678287D671800F9D128 /* Frameworks */,
				A0101679287D671800F9D128 /* Resources */,
			);
			buildRules = (
			);
			dependencies = (
			);
			name = MonehWidgetExtension;
			productName = MonehWidgetExtension;
			productReference = A010167B287D671800F9D128 /* MonehWidgetExtension.appex */;
			productType = "com.apple.product-type.app-extension";
		};
/* End PBXNativeTarget section */

/* Begin PBXProject section */
		41019AE82861A9F800CBF3D8 /* Project object */ = {
			isa = PBXProject;
			attributes = {
				BuildIndependentTargetsInParallel = 1;
				LastSwiftUpdateCheck = 1340;
				LastUpgradeCheck = 1330;
				TargetAttributes = {
					41019AEF2861A9F800CBF3D8 = {
						CreatedOnToolsVersion = 13.3;
					};
					A010167A287D671800F9D128 = {
						CreatedOnToolsVersion = 13.4.1;
					};
				};
			};
			buildConfigurationList = 41019AEB2861A9F800CBF3D8 /* Build configuration list for PBXProject "mimoni" */;
			compatibilityVersion = "Xcode 13.0";
			developmentRegion = en;
			hasScannedForEncodings = 0;
			knownRegions = (
				en,
				Base,
			);
			mainGroup = 41019AE72861A9F800CBF3D8;
			packageReferences = (
				EC57555B286AF69200CA63B4 /* XCRemoteSwiftPackageReference "modal-view" */,
			);
			productRefGroup = 41019AF12861A9F800CBF3D8 /* Products */;
			projectDirPath = "";
			projectReferences = (
				{
					ProductGroup = 789696922880343700C690FC /* Products */;
					ProjectRef = 789696912880343700C690FC /* Charts.xcodeproj */;
				},
			);
			projectRoot = "";
			targets = (
				41019AEF2861A9F800CBF3D8 /* mimoni */,
				A010167A287D671800F9D128 /* MonehWidgetExtension */,
			);
		};
/* End PBXProject section */

/* Begin PBXReferenceProxy section */
		789696972880343700C690FC /* Charts.framework */ = {
			isa = PBXReferenceProxy;
			fileType = wrapper.framework;
			path = Charts.framework;
			remoteRef = 789696962880343700C690FC /* PBXContainerItemProxy */;
			sourceTree = BUILT_PRODUCTS_DIR;
		};
		789696992880343700C690FC /* ChartsTests.xctest */ = {
			isa = PBXReferenceProxy;
			fileType = wrapper.cfbundle;
			path = ChartsTests.xctest;
			remoteRef = 789696982880343700C690FC /* PBXContainerItemProxy */;
			sourceTree = BUILT_PRODUCTS_DIR;
		};
/* End PBXReferenceProxy section */

/* Begin PBXResourcesBuildPhase section */
		41019AEE2861A9F800CBF3D8 /* Resources */ = {
			isa = PBXResourcesBuildPhase;
			buildActionMask = 2147483647;
			files = (
				41019AFB2861A9FA00CBF3D8 /* Preview Assets.xcassets in Resources */,
				41019AF82861A9FA00CBF3D8 /* Assets.xcassets in Resources */,
			);
			runOnlyForDeploymentPostprocessing = 0;
		};
		A0101679287D671800F9D128 /* Resources */ = {
			isa = PBXResourcesBuildPhase;
			buildActionMask = 2147483647;
			files = (
				A0101685287D671A00F9D128 /* Assets.xcassets in Resources */,
			);
			runOnlyForDeploymentPostprocessing = 0;
		};
/* End PBXResourcesBuildPhase section */

/* Begin PBXSourcesBuildPhase section */
		41019AEC2861A9F800CBF3D8 /* Sources */ = {
			isa = PBXSourcesBuildPhase;
			buildActionMask = 2147483647;
			files = (
				A0101688287D671A00F9D128 /* MonehWidget.intentdefinition in Sources */,
				EC575558286AF36800CA63B4 /* EditBudgetView.swift in Sources */,
				789696AA2880366000C690FC /* NavBarBackButton.swift in Sources */,
				EC0797E32861B5C70062E89B /* LaunchView.swift in Sources */,
				416315B62864641600C3B36B /* Wine.swift in Sources */,
				25A4226F2887EA000027C043 /* MainScreen.swift in Sources */,
				EC575569287C2AEF00CA63B4 /* WalletCardView.swift in Sources */,
				EC5953E428630A7200B0C200 /* PieChart.swift in Sources */,
				4175D9B32887E358007D8458 /* AddExpenseMainView.swift in Sources */,
				789696A22880356600C690FC /* colors.swift in Sources */,
				EC575565287C070E00CA63B4 /* CardView.swift in Sources */,
				A0DC8E10288A8DB900915454 /* DataController.swift in Sources */,
				25A4226B2887E9C00027C043 /* SisaUangCardView.swift in Sources */,
				789696AC2880366000C690FC /* color.swift in Sources */,
				EC0797E12861B2880062E89B /* OnboardingView.swift in Sources */,
				789696AB2880366000C690FC /* textfield.swift in Sources */,
				25A422732887F4BD0027C043 /* CardViewExpenses.swift in Sources */,
				41019AF42861A9F800CBF3D8 /* mimoniApp.swift in Sources */,
				41BE7EC72869909B00F32CB9 /* AddBudgetView.swift in Sources */,
				41A760B028815E78009B4CF8 /* AddExpenseView.swift in Sources */,
				A0DC8E0E288A8C0000915454 /* Moneh.xcdatamodeld in Sources */,
				EC57556B287C2AFB00CA63B4 /* RecommendationCardView.swift in Sources */,
				4144A0CD2865985D00917D31 /* SetupBudget.swift in Sources */,
				41019B072861AD1100CBF3D8 /* InputIncome.swift in Sources */,
			);
			runOnlyForDeploymentPostprocessing = 0;
		};
		A0101677287D671800F9D128 /* Sources */ = {
			isa = PBXSourcesBuildPhase;
			buildActionMask = 2147483647;
			files = (
				A0C34EF1287EB8EE0029522B /* TimelineProvider.swift in Sources */,
				A0101687287D671A00F9D128 /* MonehWidget.intentdefinition in Sources */,
				A0C34EF7287EC0100029522B /* MonehWidgetView.swift in Sources */,
				A0101682287D671800F9D128 /* MonehWidget.swift in Sources */,
				A0C34EF3287EBF900029522B /* TimelineEntry.swift in Sources */,
			);
			runOnlyForDeploymentPostprocessing = 0;
		};
/* End PBXSourcesBuildPhase section */

/* Begin PBXTargetDependency section */
		A010168A287D671A00F9D128 /* PBXTargetDependency */ = {
			isa = PBXTargetDependency;
			target = A010167A287D671800F9D128 /* MonehWidgetExtension */;
			targetProxy = A0101689287D671A00F9D128 /* PBXContainerItemProxy */;
		};
/* End PBXTargetDependency section */

/* Begin XCBuildConfiguration section */
		41019B012861A9FA00CBF3D8 /* Debug */ = {
			isa = XCBuildConfiguration;
			buildSettings = {
				ALWAYS_SEARCH_USER_PATHS = NO;
				CLANG_ANALYZER_NONNULL = YES;
				CLANG_ANALYZER_NUMBER_OBJECT_CONVERSION = YES_AGGRESSIVE;
				CLANG_CXX_LANGUAGE_STANDARD = "gnu++17";
				CLANG_ENABLE_MODULES = YES;
				CLANG_ENABLE_OBJC_ARC = YES;
				CLANG_ENABLE_OBJC_WEAK = YES;
				CLANG_WARN_BLOCK_CAPTURE_AUTORELEASING = YES;
				CLANG_WARN_BOOL_CONVERSION = YES;
				CLANG_WARN_COMMA = YES;
				CLANG_WARN_CONSTANT_CONVERSION = YES;
				CLANG_WARN_DEPRECATED_OBJC_IMPLEMENTATIONS = YES;
				CLANG_WARN_DIRECT_OBJC_ISA_USAGE = YES_ERROR;
				CLANG_WARN_DOCUMENTATION_COMMENTS = YES;
				CLANG_WARN_EMPTY_BODY = YES;
				CLANG_WARN_ENUM_CONVERSION = YES;
				CLANG_WARN_INFINITE_RECURSION = YES;
				CLANG_WARN_INT_CONVERSION = YES;
				CLANG_WARN_NON_LITERAL_NULL_CONVERSION = YES;
				CLANG_WARN_OBJC_IMPLICIT_RETAIN_SELF = YES;
				CLANG_WARN_OBJC_LITERAL_CONVERSION = YES;
				CLANG_WARN_OBJC_ROOT_CLASS = YES_ERROR;
				CLANG_WARN_QUOTED_INCLUDE_IN_FRAMEWORK_HEADER = YES;
				CLANG_WARN_RANGE_LOOP_ANALYSIS = YES;
				CLANG_WARN_STRICT_PROTOTYPES = YES;
				CLANG_WARN_SUSPICIOUS_MOVE = YES;
				CLANG_WARN_UNGUARDED_AVAILABILITY = YES_AGGRESSIVE;
				CLANG_WARN_UNREACHABLE_CODE = YES;
				CLANG_WARN__DUPLICATE_METHOD_MATCH = YES;
				COPY_PHASE_STRIP = NO;
				DEBUG_INFORMATION_FORMAT = dwarf;
				ENABLE_STRICT_OBJC_MSGSEND = YES;
				ENABLE_TESTABILITY = YES;
				GCC_C_LANGUAGE_STANDARD = gnu11;
				GCC_DYNAMIC_NO_PIC = NO;
				GCC_NO_COMMON_BLOCKS = YES;
				GCC_OPTIMIZATION_LEVEL = 0;
				GCC_PREPROCESSOR_DEFINITIONS = (
					"DEBUG=1",
					"$(inherited)",
				);
				GCC_WARN_64_TO_32_BIT_CONVERSION = YES;
				GCC_WARN_ABOUT_RETURN_TYPE = YES_ERROR;
				GCC_WARN_UNDECLARED_SELECTOR = YES;
				GCC_WARN_UNINITIALIZED_AUTOS = YES_AGGRESSIVE;
				GCC_WARN_UNUSED_FUNCTION = YES;
				GCC_WARN_UNUSED_VARIABLE = YES;
				IPHONEOS_DEPLOYMENT_TARGET = 15.4;
				MTL_ENABLE_DEBUG_INFO = INCLUDE_SOURCE;
				MTL_FAST_MATH = YES;
				ONLY_ACTIVE_ARCH = YES;
				SDKROOT = iphoneos;
				SWIFT_ACTIVE_COMPILATION_CONDITIONS = DEBUG;
				SWIFT_OPTIMIZATION_LEVEL = "-Onone";
			};
			name = Debug;
		};
		41019B022861A9FA00CBF3D8 /* Release */ = {
			isa = XCBuildConfiguration;
			buildSettings = {
				ALWAYS_SEARCH_USER_PATHS = NO;
				CLANG_ANALYZER_NONNULL = YES;
				CLANG_ANALYZER_NUMBER_OBJECT_CONVERSION = YES_AGGRESSIVE;
				CLANG_CXX_LANGUAGE_STANDARD = "gnu++17";
				CLANG_ENABLE_MODULES = YES;
				CLANG_ENABLE_OBJC_ARC = YES;
				CLANG_ENABLE_OBJC_WEAK = YES;
				CLANG_WARN_BLOCK_CAPTURE_AUTORELEASING = YES;
				CLANG_WARN_BOOL_CONVERSION = YES;
				CLANG_WARN_COMMA = YES;
				CLANG_WARN_CONSTANT_CONVERSION = YES;
				CLANG_WARN_DEPRECATED_OBJC_IMPLEMENTATIONS = YES;
				CLANG_WARN_DIRECT_OBJC_ISA_USAGE = YES_ERROR;
				CLANG_WARN_DOCUMENTATION_COMMENTS = YES;
				CLANG_WARN_EMPTY_BODY = YES;
				CLANG_WARN_ENUM_CONVERSION = YES;
				CLANG_WARN_INFINITE_RECURSION = YES;
				CLANG_WARN_INT_CONVERSION = YES;
				CLANG_WARN_NON_LITERAL_NULL_CONVERSION = YES;
				CLANG_WARN_OBJC_IMPLICIT_RETAIN_SELF = YES;
				CLANG_WARN_OBJC_LITERAL_CONVERSION = YES;
				CLANG_WARN_OBJC_ROOT_CLASS = YES_ERROR;
				CLANG_WARN_QUOTED_INCLUDE_IN_FRAMEWORK_HEADER = YES;
				CLANG_WARN_RANGE_LOOP_ANALYSIS = YES;
				CLANG_WARN_STRICT_PROTOTYPES = YES;
				CLANG_WARN_SUSPICIOUS_MOVE = YES;
				CLANG_WARN_UNGUARDED_AVAILABILITY = YES_AGGRESSIVE;
				CLANG_WARN_UNREACHABLE_CODE = YES;
				CLANG_WARN__DUPLICATE_METHOD_MATCH = YES;
				COPY_PHASE_STRIP = NO;
				DEBUG_INFORMATION_FORMAT = "dwarf-with-dsym";
				ENABLE_NS_ASSERTIONS = NO;
				ENABLE_STRICT_OBJC_MSGSEND = YES;
				GCC_C_LANGUAGE_STANDARD = gnu11;
				GCC_NO_COMMON_BLOCKS = YES;
				GCC_WARN_64_TO_32_BIT_CONVERSION = YES;
				GCC_WARN_ABOUT_RETURN_TYPE = YES_ERROR;
				GCC_WARN_UNDECLARED_SELECTOR = YES;
				GCC_WARN_UNINITIALIZED_AUTOS = YES_AGGRESSIVE;
				GCC_WARN_UNUSED_FUNCTION = YES;
				GCC_WARN_UNUSED_VARIABLE = YES;
				IPHONEOS_DEPLOYMENT_TARGET = 15.4;
				MTL_ENABLE_DEBUG_INFO = NO;
				MTL_FAST_MATH = YES;
				SDKROOT = iphoneos;
				SWIFT_COMPILATION_MODE = wholemodule;
				SWIFT_OPTIMIZATION_LEVEL = "-O";
				VALIDATE_PRODUCT = YES;
			};
			name = Release;
		};
		41019B042861A9FA00CBF3D8 /* Debug */ = {
			isa = XCBuildConfiguration;
			buildSettings = {
				ALWAYS_EMBED_SWIFT_STANDARD_LIBRARIES = YES;
				ASSETCATALOG_COMPILER_APPICON_NAME = AppIcon;
				ASSETCATALOG_COMPILER_GLOBAL_ACCENT_COLOR_NAME = AccentColor;
				ASSETCATALOG_COMPILER_INCLUDE_ALL_APPICON_ASSETS = YES;
				CODE_SIGN_STYLE = Automatic;
				CURRENT_PROJECT_VERSION = 1;
				DEVELOPMENT_ASSET_PATHS = "\"mimoni/Preview Content\"";
				DEVELOPMENT_TEAM = V87M9TA2X6;
				ENABLE_PREVIEWS = YES;
				GENERATE_INFOPLIST_FILE = YES;
				INFOPLIST_KEY_UIApplicationSceneManifest_Generation = YES;
				INFOPLIST_KEY_UIApplicationSupportsIndirectInputEvents = YES;
				INFOPLIST_KEY_UILaunchScreen_Generation = YES;
				INFOPLIST_KEY_UISupportedInterfaceOrientations_iPad = "UIInterfaceOrientationPortrait UIInterfaceOrientationPortraitUpsideDown UIInterfaceOrientationLandscapeLeft UIInterfaceOrientationLandscapeRight";
				INFOPLIST_KEY_UISupportedInterfaceOrientations_iPhone = "UIInterfaceOrientationPortrait UIInterfaceOrientationLandscapeLeft UIInterfaceOrientationLandscapeRight";
				LD_RUNPATH_SEARCH_PATHS = (
					"$(inherited)",
					"@executable_path/Frameworks",
				);
				MARKETING_VERSION = 1.0;
				PRODUCT_BUNDLE_IDENTIFIER = com.arnold.mimoni;
				PRODUCT_NAME = "$(TARGET_NAME)";
				SWIFT_EMIT_LOC_STRINGS = YES;
				SWIFT_VERSION = 5.0;
				TARGETED_DEVICE_FAMILY = "1,2";
			};
			name = Debug;
		};
		41019B052861A9FA00CBF3D8 /* Release */ = {
			isa = XCBuildConfiguration;
			buildSettings = {
				ALWAYS_EMBED_SWIFT_STANDARD_LIBRARIES = YES;
				ASSETCATALOG_COMPILER_APPICON_NAME = AppIcon;
				ASSETCATALOG_COMPILER_GLOBAL_ACCENT_COLOR_NAME = AccentColor;
				ASSETCATALOG_COMPILER_INCLUDE_ALL_APPICON_ASSETS = YES;
				CODE_SIGN_STYLE = Automatic;
				CURRENT_PROJECT_VERSION = 1;
				DEVELOPMENT_ASSET_PATHS = "\"mimoni/Preview Content\"";
				DEVELOPMENT_TEAM = V87M9TA2X6;
				ENABLE_PREVIEWS = YES;
				GENERATE_INFOPLIST_FILE = YES;
				INFOPLIST_KEY_UIApplicationSceneManifest_Generation = YES;
				INFOPLIST_KEY_UIApplicationSupportsIndirectInputEvents = YES;
				INFOPLIST_KEY_UILaunchScreen_Generation = YES;
				INFOPLIST_KEY_UISupportedInterfaceOrientations_iPad = "UIInterfaceOrientationPortrait UIInterfaceOrientationPortraitUpsideDown UIInterfaceOrientationLandscapeLeft UIInterfaceOrientationLandscapeRight";
				INFOPLIST_KEY_UISupportedInterfaceOrientations_iPhone = "UIInterfaceOrientationPortrait UIInterfaceOrientationLandscapeLeft UIInterfaceOrientationLandscapeRight";
				LD_RUNPATH_SEARCH_PATHS = (
					"$(inherited)",
					"@executable_path/Frameworks",
				);
				MARKETING_VERSION = 1.0;
				PRODUCT_BUNDLE_IDENTIFIER = com.arnold.mimoni;
				PRODUCT_NAME = "$(TARGET_NAME)";
				SWIFT_EMIT_LOC_STRINGS = YES;
				SWIFT_VERSION = 5.0;
				TARGETED_DEVICE_FAMILY = "1,2";
			};
			name = Release;
		};
		A010168D287D671A00F9D128 /* Debug */ = {
			isa = XCBuildConfiguration;
			buildSettings = {
				ASSETCATALOG_COMPILER_GLOBAL_ACCENT_COLOR_NAME = AccentColor;
				ASSETCATALOG_COMPILER_WIDGET_BACKGROUND_COLOR_NAME = WidgetBackground;
				CODE_SIGN_STYLE = Automatic;
				CURRENT_PROJECT_VERSION = 1;
				DEVELOPMENT_TEAM = G9K9MD55MT;
				GENERATE_INFOPLIST_FILE = YES;
				INFOPLIST_FILE = MonehWidget/Info.plist;
				INFOPLIST_KEY_CFBundleDisplayName = MonehWidget;
				INFOPLIST_KEY_NSHumanReadableCopyright = "";
				IPHONEOS_DEPLOYMENT_TARGET = 15.5;
				LD_RUNPATH_SEARCH_PATHS = (
					"$(inherited)",
					"@executable_path/Frameworks",
					"@executable_path/../../Frameworks",
				);
				MARKETING_VERSION = 1.0;
				PRODUCT_BUNDLE_IDENTIFIER = com.arnold.mimoni.MonehWidget;
				PRODUCT_NAME = "$(TARGET_NAME)";
				SKIP_INSTALL = YES;
				SWIFT_EMIT_LOC_STRINGS = YES;
				SWIFT_VERSION = 5.0;
				TARGETED_DEVICE_FAMILY = "1,2";
			};
			name = Debug;
		};
		A010168E287D671A00F9D128 /* Release */ = {
			isa = XCBuildConfiguration;
			buildSettings = {
				ASSETCATALOG_COMPILER_GLOBAL_ACCENT_COLOR_NAME = AccentColor;
				ASSETCATALOG_COMPILER_WIDGET_BACKGROUND_COLOR_NAME = WidgetBackground;
				CODE_SIGN_STYLE = Automatic;
				CURRENT_PROJECT_VERSION = 1;
				DEVELOPMENT_TEAM = G9K9MD55MT;
				GENERATE_INFOPLIST_FILE = YES;
				INFOPLIST_FILE = MonehWidget/Info.plist;
				INFOPLIST_KEY_CFBundleDisplayName = MonehWidget;
				INFOPLIST_KEY_NSHumanReadableCopyright = "";
				IPHONEOS_DEPLOYMENT_TARGET = 15.5;
				LD_RUNPATH_SEARCH_PATHS = (
					"$(inherited)",
					"@executable_path/Frameworks",
					"@executable_path/../../Frameworks",
				);
				MARKETING_VERSION = 1.0;
				PRODUCT_BUNDLE_IDENTIFIER = com.arnold.mimoni.MonehWidget;
				PRODUCT_NAME = "$(TARGET_NAME)";
				SKIP_INSTALL = YES;
				SWIFT_EMIT_LOC_STRINGS = YES;
				SWIFT_VERSION = 5.0;
				TARGETED_DEVICE_FAMILY = "1,2";
			};
			name = Release;
		};
/* End XCBuildConfiguration section */

/* Begin XCConfigurationList section */
		41019AEB2861A9F800CBF3D8 /* Build configuration list for PBXProject "mimoni" */ = {
			isa = XCConfigurationList;
			buildConfigurations = (
				41019B012861A9FA00CBF3D8 /* Debug */,
				41019B022861A9FA00CBF3D8 /* Release */,
			);
			defaultConfigurationIsVisible = 0;
			defaultConfigurationName = Release;
		};
		41019B032861A9FA00CBF3D8 /* Build configuration list for PBXNativeTarget "mimoni" */ = {
			isa = XCConfigurationList;
			buildConfigurations = (
				41019B042861A9FA00CBF3D8 /* Debug */,
				41019B052861A9FA00CBF3D8 /* Release */,
			);
			defaultConfigurationIsVisible = 0;
			defaultConfigurationName = Release;
		};
		A010168C287D671A00F9D128 /* Build configuration list for PBXNativeTarget "MonehWidgetExtension" */ = {
			isa = XCConfigurationList;
			buildConfigurations = (
				A010168D287D671A00F9D128 /* Debug */,
				A010168E287D671A00F9D128 /* Release */,
			);
			defaultConfigurationIsVisible = 0;
			defaultConfigurationName = Release;
		};
/* End XCConfigurationList section */

/* Begin XCRemoteSwiftPackageReference section */
		EC57555B286AF69200CA63B4 /* XCRemoteSwiftPackageReference "modal-view" */ = {
			isa = XCRemoteSwiftPackageReference;
			repositoryURL = "https://github.com/diniska/modal-view";
			requirement = {
				kind = upToNextMajorVersion;
				minimumVersion = 1.0.0;
			};
		};
/* End XCRemoteSwiftPackageReference section */

/* Begin XCSwiftPackageProductDependency section */
		EC57555C286AF69200CA63B4 /* ModalView */ = {
			isa = XCSwiftPackageProductDependency;
			package = EC57555B286AF69200CA63B4 /* XCRemoteSwiftPackageReference "modal-view" */;
			productName = ModalView;
		};
/* End XCSwiftPackageProductDependency section */

/* Begin XCVersionGroup section */
		A0DC8E0C288A8C0000915454 /* Moneh.xcdatamodeld */ = {
			isa = XCVersionGroup;
			children = (
				A0DC8E0D288A8C0000915454 /* Moneh.xcdatamodel */,
			);
			currentVersion = A0DC8E0D288A8C0000915454 /* Moneh.xcdatamodel */;
			path = Moneh.xcdatamodeld;
			sourceTree = "<group>";
			versionGroupType = wrapper.xcdatamodel;
		};
/* End XCVersionGroup section */
	};
	rootObject = 41019AE82861A9F800CBF3D8 /* Project object */;
}
