// !$*UTF8*$!
{
	archiveVersion = 1;
	classes = {
	};
	objectVersion = 55;
	objects = {

/* Begin PBXBuildFile section */
		41019AF42861A9F800CBF3D8 /* mimoniApp.swift in Sources */ = {isa = PBXBuildFile; fileRef = 41019AF32861A9F800CBF3D8 /* mimoniApp.swift */; };
		41019AF62861A9F800CBF3D8 /* ContentView.swift in Sources */ = {isa = PBXBuildFile; fileRef = 41019AF52861A9F800CBF3D8 /* ContentView.swift */; };
		41019AF82861A9FA00CBF3D8 /* Assets.xcassets in Resources */ = {isa = PBXBuildFile; fileRef = 41019AF72861A9FA00CBF3D8 /* Assets.xcassets */; };
		41019AFB2861A9FA00CBF3D8 /* Preview Assets.xcassets in Resources */ = {isa = PBXBuildFile; fileRef = 41019AFA2861A9FA00CBF3D8 /* Preview Assets.xcassets */; };
		41019AFD2861A9FA00CBF3D8 /* Persistence.swift in Sources */ = {isa = PBXBuildFile; fileRef = 41019AFC2861A9FA00CBF3D8 /* Persistence.swift */; };
		41019B002861A9FA00CBF3D8 /* mimoni.xcdatamodeld in Sources */ = {isa = PBXBuildFile; fileRef = 41019AFE2861A9FA00CBF3D8 /* mimoni.xcdatamodeld */; };
		41019B072861AD1100CBF3D8 /* InputIncome.swift in Sources */ = {isa = PBXBuildFile; fileRef = 41019B062861AD1100CBF3D8 /* InputIncome.swift */; };
/* End PBXBuildFile section */

/* Begin PBXFileReference section */
		41019AF02861A9F800CBF3D8 /* mimoni.app */ = {isa = PBXFileReference; explicitFileType = wrapper.application; includeInIndex = 0; path = mimoni.app; sourceTree = BUILT_PRODUCTS_DIR; };
		41019AF32861A9F800CBF3D8 /* mimoniApp.swift */ = {isa = PBXFileReference; lastKnownFileType = sourcecode.swift; path = mimoniApp.swift; sourceTree = "<group>"; };
		41019AF52861A9F800CBF3D8 /* ContentView.swift */ = {isa = PBXFileReference; lastKnownFileType = sourcecode.swift; path = ContentView.swift; sourceTree = "<group>"; };
		41019AF72861A9FA00CBF3D8 /* Assets.xcassets */ = {isa = PBXFileReference; lastKnownFileType = folder.assetcatalog; path = Assets.xcassets; sourceTree = "<group>"; };
		41019AFA2861A9FA00CBF3D8 /* Preview Assets.xcassets */ = {isa = PBXFileReference; lastKnownFileType = folder.assetcatalog; path = "Preview Assets.xcassets"; sourceTree = "<group>"; };
		41019AFC2861A9FA00CBF3D8 /* Persistence.swift */ = {isa = PBXFileReference; lastKnownFileType = sourcecode.swift; path = Persistence.swift; sourceTree = "<group>"; };
		41019AFF2861A9FA00CBF3D8 /* mimoni.xcdatamodel */ = {isa = PBXFileReference; lastKnownFileType = wrapper.xcdatamodel; path = mimoni.xcdatamodel; sourceTree = "<group>"; };
		41019B062861AD1100CBF3D8 /* InputIncome.swift */ = {isa = PBXFileReference; lastKnownFileType = sourcecode.swift; path = InputIncome.swift; sourceTree = "<group>"; };
/* End PBXFileReference section */

/* Begin PBXFrameworksBuildPhase section */
		41019AED2861A9F800CBF3D8 /* Frameworks */ = {
			isa = PBXFrameworksBuildPhase;
			buildActionMask = 2147483647;
			files = (
			);
			runOnlyForDeploymentPostprocessing = 0;
		};
/* End PBXFrameworksBuildPhase section */

/* Begin PBXGroup section */
		41019AE72861A9F800CBF3D8 = {
			isa = PBXGroup;
			children = (
				41019AF22861A9F800CBF3D8 /* mimoni */,
				41019AF12861A9F800CBF3D8 /* Products */,
			);
			sourceTree = "<group>";
		};
		41019AF12861A9F800CBF3D8 /* Products */ = {
			isa = PBXGroup;
			children = (
				41019AF02861A9F800CBF3D8 /* mimoni.app */,
			);
			name = Products;
			sourceTree = "<group>";
		};
		41019AF22861A9F800CBF3D8 /* mimoni */ = {
			isa = PBXGroup;
			children = (
				41019AF32861A9F800CBF3D8 /* mimoniApp.swift */,
				41019AF52861A9F800CBF3D8 /* ContentView.swift */,
				41019B062861AD1100CBF3D8 /* InputIncome.swift */,
				41019AF72861A9FA00CBF3D8 /* Assets.xcassets */,
				41019AFC2861A9FA00CBF3D8 /* Persistence.swift */,
				41019AFE2861A9FA00CBF3D8 /* mimoni.xcdatamodeld */,
				41019AF92861A9FA00CBF3D8 /* Preview Content */,
			);
			path = mimoni;
			sourceTree = "<group>";
		};
		41019AF92861A9FA00CBF3D8 /* Preview Content */ = {
			isa = PBXGroup;
			children = (
				41019AFA2861A9FA00CBF3D8 /* Preview Assets.xcassets */,
			);
			path = "Preview Content";
			sourceTree = "<group>";
		};
/* End PBXGroup section */

/* Begin PBXNativeTarget section */
		41019AEF2861A9F800CBF3D8 /* mimoni */ = {
			isa = PBXNativeTarget;
			buildConfigurationList = 41019B032861A9FA00CBF3D8 /* Build configuration list for PBXNativeTarget "mimoni" */;
			buildPhases = (
				41019AEC2861A9F800CBF3D8 /* Sources */,
				41019AED2861A9F800CBF3D8 /* Frameworks */,
				41019AEE2861A9F800CBF3D8 /* Resources */,
			);
			buildRules = (
			);
			dependencies = (
			);
			name = mimoni;
			productName = mimoni;
			productReference = 41019AF02861A9F800CBF3D8 /* mimoni.app */;
			productType = "com.apple.product-type.application";
		};
/* End PBXNativeTarget section */

/* Begin PBXProject section */
		41019AE82861A9F800CBF3D8 /* Project object */ = {
			isa = PBXProject;
			attributes = {
				BuildIndependentTargetsInParallel = 1;
				LastSwiftUpdateCheck = 1330;
				LastUpgradeCheck = 1330;
				TargetAttributes = {
					41019AEF2861A9F800CBF3D8 = {
						CreatedOnToolsVersion = 13.3;
					};
				};
			};
			buildConfigurationList = 41019AEB2861A9F800CBF3D8 /* Build configuration list for PBXProject "mimoni" */;
			compatibilityVersion = "Xcode 13.0";
			developmentRegion = en;
			hasScannedForEncodings = 0;
			knownRegions = (
				en,
				Base,
			);
			mainGroup = 41019AE72861A9F800CBF3D8;
			productRefGroup = 41019AF12861A9F800CBF3D8 /* Products */;
			projectDirPath = "";
			projectRoot = "";
			targets = (
				41019AEF2861A9F800CBF3D8 /* mimoni */,
			);
		};
/* End PBXProject section */

/* Begin PBXResourcesBuildPhase section */
		41019AEE2861A9F800CBF3D8 /* Resources */ = {
			isa = PBXResourcesBuildPhase;
			buildActionMask = 2147483647;
			files = (
				41019AFB2861A9FA00CBF3D8 /* Preview Assets.xcassets in Resources */,
				41019AF82861A9FA00CBF3D8 /* Assets.xcassets in Resources */,
			);
			runOnlyForDeploymentPostprocessing = 0;
		};
/* End PBXResourcesBuildPhase section */

/* Begin PBXSourcesBuildPhase section */
		41019AEC2861A9F800CBF3D8 /* Sources */ = {
			isa = PBXSourcesBuildPhase;
			buildActionMask = 2147483647;
			files = (
				41019B002861A9FA00CBF3D8 /* mimoni.xcdatamodeld in Sources */,
				41019AFD2861A9FA00CBF3D8 /* Persistence.swift in Sources */,
				41019AF62861A9F800CBF3D8 /* ContentView.swift in Sources */,
				41019AF42861A9F800CBF3D8 /* mimoniApp.swift in Sources */,
				41019B072861AD1100CBF3D8 /* InputIncome.swift in Sources */,
			);
			runOnlyForDeploymentPostprocessing = 0;
		};
/* End PBXSourcesBuildPhase section */

/* Begin XCBuildConfiguration section */
		41019B012861A9FA00CBF3D8 /* Debug */ = {
			isa = XCBuildConfiguration;
			buildSettings = {
				ALWAYS_SEARCH_USER_PATHS = NO;
				CLANG_ANALYZER_NONNULL = YES;
				CLANG_ANALYZER_NUMBER_OBJECT_CONVERSION = YES_AGGRESSIVE;
				CLANG_CXX_LANGUAGE_STANDARD = "gnu++17";
				CLANG_ENABLE_MODULES = YES;
				CLANG_ENABLE_OBJC_ARC = YES;
				CLANG_ENABLE_OBJC_WEAK = YES;
				CLANG_WARN_BLOCK_CAPTURE_AUTORELEASING = YES;
				CLANG_WARN_BOOL_CONVERSION = YES;
				CLANG_WARN_COMMA = YES;
				CLANG_WARN_CONSTANT_CONVERSION = YES;
				CLANG_WARN_DEPRECATED_OBJC_IMPLEMENTATIONS = YES;
				CLANG_WARN_DIRECT_OBJC_ISA_USAGE = YES_ERROR;
				CLANG_WARN_DOCUMENTATION_COMMENTS = YES;
				CLANG_WARN_EMPTY_BODY = YES;
				CLANG_WARN_ENUM_CONVERSION = YES;
				CLANG_WARN_INFINITE_RECURSION = YES;
				CLANG_WARN_INT_CONVERSION = YES;
				CLANG_WARN_NON_LITERAL_NULL_CONVERSION = YES;
				CLANG_WARN_OBJC_IMPLICIT_RETAIN_SELF = YES;
				CLANG_WARN_OBJC_LITERAL_CONVERSION = YES;
				CLANG_WARN_OBJC_ROOT_CLASS = YES_ERROR;
				CLANG_WARN_QUOTED_INCLUDE_IN_FRAMEWORK_HEADER = YES;
				CLANG_WARN_RANGE_LOOP_ANALYSIS = YES;
				CLANG_WARN_STRICT_PROTOTYPES = YES;
				CLANG_WARN_SUSPICIOUS_MOVE = YES;
				CLANG_WARN_UNGUARDED_AVAILABILITY = YES_AGGRESSIVE;
				CLANG_WARN_UNREACHABLE_CODE = YES;
				CLANG_WARN__DUPLICATE_METHOD_MATCH = YES;
				COPY_PHASE_STRIP = NO;
				DEBUG_INFORMATION_FORMAT = dwarf;
				ENABLE_STRICT_OBJC_MSGSEND = YES;
				ENABLE_TESTABILITY = YES;
				GCC_C_LANGUAGE_STANDARD = gnu11;
				GCC_DYNAMIC_NO_PIC = NO;
				GCC_NO_COMMON_BLOCKS = YES;
				GCC_OPTIMIZATION_LEVEL = 0;
				GCC_PREPROCESSOR_DEFINITIONS = (
					"DEBUG=1",
					"$(inherited)",
				);
				GCC_WARN_64_TO_32_BIT_CONVERSION = YES;
				GCC_WARN_ABOUT_RETURN_TYPE = YES_ERROR;
				GCC_WARN_UNDECLARED_SELECTOR = YES;
				GCC_WARN_UNINITIALIZED_AUTOS = YES_AGGRESSIVE;
				GCC_WARN_UNUSED_FUNCTION = YES;
				GCC_WARN_UNUSED_VARIABLE = YES;
				IPHONEOS_DEPLOYMENT_TARGET = 15.4;
				MTL_ENABLE_DEBUG_INFO = INCLUDE_SOURCE;
				MTL_FAST_MATH = YES;
				ONLY_ACTIVE_ARCH = YES;
				SDKROOT = iphoneos;
				SWIFT_ACTIVE_COMPILATION_CONDITIONS = DEBUG;
				SWIFT_OPTIMIZATION_LEVEL = "-Onone";
			};
			name = Debug;
		};
		41019B022861A9FA00CBF3D8 /* Release */ = {
			isa = XCBuildConfiguration;
			buildSettings = {
				ALWAYS_SEARCH_USER_PATHS = NO;
				CLANG_ANALYZER_NONNULL = YES;
				CLANG_ANALYZER_NUMBER_OBJECT_CONVERSION = YES_AGGRESSIVE;
				CLANG_CXX_LANGUAGE_STANDARD = "gnu++17";
				CLANG_ENABLE_MODULES = YES;
				CLANG_ENABLE_OBJC_ARC = YES;
				CLANG_ENABLE_OBJC_WEAK = YES;
				CLANG_WARN_BLOCK_CAPTURE_AUTORELEASING = YES;
				CLANG_WARN_BOOL_CONVERSION = YES;
				CLANG_WARN_COMMA = YES;
				CLANG_WARN_CONSTANT_CONVERSION = YES;
				CLANG_WARN_DEPRECATED_OBJC_IMPLEMENTATIONS = YES;
				CLANG_WARN_DIRECT_OBJC_ISA_USAGE = YES_ERROR;
				CLANG_WARN_DOCUMENTATION_COMMENTS = YES;
				CLANG_WARN_EMPTY_BODY = YES;
				CLANG_WARN_ENUM_CONVERSION = YES;
				CLANG_WARN_INFINITE_RECURSION = YES;
				CLANG_WARN_INT_CONVERSION = YES;
				CLANG_WARN_NON_LITERAL_NULL_CONVERSION = YES;
				CLANG_WARN_OBJC_IMPLICIT_RETAIN_SELF = YES;
				CLANG_WARN_OBJC_LITERAL_CONVERSION = YES;
				CLANG_WARN_OBJC_ROOT_CLASS = YES_ERROR;
				CLANG_WARN_QUOTED_INCLUDE_IN_FRAMEWORK_HEADER = YES;
				CLANG_WARN_RANGE_LOOP_ANALYSIS = YES;
				CLANG_WARN_STRICT_PROTOTYPES = YES;
				CLANG_WARN_SUSPICIOUS_MOVE = YES;
				CLANG_WARN_UNGUARDED_AVAILABILITY = YES_AGGRESSIVE;
				CLANG_WARN_UNREACHABLE_CODE = YES;
				CLANG_WARN__DUPLICATE_METHOD_MATCH = YES;
				COPY_PHASE_STRIP = NO;
				DEBUG_INFORMATION_FORMAT = "dwarf-with-dsym";
				ENABLE_NS_ASSERTIONS = NO;
				ENABLE_STRICT_OBJC_MSGSEND = YES;
				GCC_C_LANGUAGE_STANDARD = gnu11;
				GCC_NO_COMMON_BLOCKS = YES;
				GCC_WARN_64_TO_32_BIT_CONVERSION = YES;
				GCC_WARN_ABOUT_RETURN_TYPE = YES_ERROR;
				GCC_WARN_UNDECLARED_SELECTOR = YES;
				GCC_WARN_UNINITIALIZED_AUTOS = YES_AGGRESSIVE;
				GCC_WARN_UNUSED_FUNCTION = YES;
				GCC_WARN_UNUSED_VARIABLE = YES;
				IPHONEOS_DEPLOYMENT_TARGET = 15.4;
				MTL_ENABLE_DEBUG_INFO = NO;
				MTL_FAST_MATH = YES;
				SDKROOT = iphoneos;
				SWIFT_COMPILATION_MODE = wholemodule;
				SWIFT_OPTIMIZATION_LEVEL = "-O";
				VALIDATE_PRODUCT = YES;
			};
			name = Release;
		};
		41019B042861A9FA00CBF3D8 /* Debug */ = {
			isa = XCBuildConfiguration;
			buildSettings = {
				ASSETCATALOG_COMPILER_APPICON_NAME = AppIcon;
				ASSETCATALOG_COMPILER_GLOBAL_ACCENT_COLOR_NAME = AccentColor;
				CODE_SIGN_STYLE = Automatic;
				CURRENT_PROJECT_VERSION = 1;
				DEVELOPMENT_ASSET_PATHS = "\"mimoni/Preview Content\"";
				DEVELOPMENT_TEAM = CPLM3B32WS;
				ENABLE_PREVIEWS = YES;
				GENERATE_INFOPLIST_FILE = YES;
				INFOPLIST_KEY_UIApplicationSceneManifest_Generation = YES;
				INFOPLIST_KEY_UIApplicationSupportsIndirectInputEvents = YES;
				INFOPLIST_KEY_UILaunchScreen_Generation = YES;
				INFOPLIST_KEY_UISupportedInterfaceOrientations_iPad = "UIInterfaceOrientationPortrait UIInterfaceOrientationPortraitUpsideDown UIInterfaceOrientationLandscapeLeft UIInterfaceOrientationLandscapeRight";
				INFOPLIST_KEY_UISupportedInterfaceOrientations_iPhone = "UIInterfaceOrientationPortrait UIInterfaceOrientationLandscapeLeft UIInterfaceOrientationLandscapeRight";
				LD_RUNPATH_SEARCH_PATHS = (
					"$(inherited)",
					"@executable_path/Frameworks",
				);
				MARKETING_VERSION = 1.0;
				PRODUCT_BUNDLE_IDENTIFIER = com.arnold.mimoni;
				PRODUCT_NAME = "$(TARGET_NAME)";
				SWIFT_EMIT_LOC_STRINGS = YES;
				SWIFT_VERSION = 5.0;
				TARGETED_DEVICE_FAMILY = "1,2";
			};
			name = Debug;
		};
		41019B052861A9FA00CBF3D8 /* Release */ = {
			isa = XCBuildConfiguration;
			buildSettings = {
				ASSETCATALOG_COMPILER_APPICON_NAME = AppIcon;
				ASSETCATALOG_COMPILER_GLOBAL_ACCENT_COLOR_NAME = AccentColor;
				CODE_SIGN_STYLE = Automatic;
				CURRENT_PROJECT_VERSION = 1;
				DEVELOPMENT_ASSET_PATHS = "\"mimoni/Preview Content\"";
				DEVELOPMENT_TEAM = CPLM3B32WS;
				ENABLE_PREVIEWS = YES;
				GENERATE_INFOPLIST_FILE = YES;
				INFOPLIST_KEY_UIApplicationSceneManifest_Generation = YES;
				INFOPLIST_KEY_UIApplicationSupportsIndirectInputEvents = YES;
				INFOPLIST_KEY_UILaunchScreen_Generation = YES;
				INFOPLIST_KEY_UISupportedInterfaceOrientations_iPad = "UIInterfaceOrientationPortrait UIInterfaceOrientationPortraitUpsideDown UIInterfaceOrientationLandscapeLeft UIInterfaceOrientationLandscapeRight";
				INFOPLIST_KEY_UISupportedInterfaceOrientations_iPhone = "UIInterfaceOrientationPortrait UIInterfaceOrientationLandscapeLeft UIInterfaceOrientationLandscapeRight";
				LD_RUNPATH_SEARCH_PATHS = (
					"$(inherited)",
					"@executable_path/Frameworks",
				);
				MARKETING_VERSION = 1.0;
				PRODUCT_BUNDLE_IDENTIFIER = com.arnold.mimoni;
				PRODUCT_NAME = "$(TARGET_NAME)";
				SWIFT_EMIT_LOC_STRINGS = YES;
				SWIFT_VERSION = 5.0;
				TARGETED_DEVICE_FAMILY = "1,2";
			};
			name = Release;
		};
/* End XCBuildConfiguration section */

/* Begin XCConfigurationList section */
		41019AEB2861A9F800CBF3D8 /* Build configuration list for PBXProject "mimoni" */ = {
			isa = XCConfigurationList;
			buildConfigurations = (
				41019B012861A9FA00CBF3D8 /* Debug */,
				41019B022861A9FA00CBF3D8 /* Release */,
			);
			defaultConfigurationIsVisible = 0;
			defaultConfigurationName = Release;
		};
		41019B032861A9FA00CBF3D8 /* Build configuration list for PBXNativeTarget "mimoni" */ = {
			isa = XCConfigurationList;
			buildConfigurations = (
				41019B042861A9FA00CBF3D8 /* Debug */,
				41019B052861A9FA00CBF3D8 /* Release */,
			);
			defaultConfigurationIsVisible = 0;
			defaultConfigurationName = Release;
		};
/* End XCConfigurationList section */

/* Begin XCVersionGroup section */
		41019AFE2861A9FA00CBF3D8 /* mimoni.xcdatamodeld */ = {
			isa = XCVersionGroup;
			children = (
				41019AFF2861A9FA00CBF3D8 /* mimoni.xcdatamodel */,
			);
			currentVersion = 41019AFF2861A9FA00CBF3D8 /* mimoni.xcdatamodel */;
			path = mimoni.xcdatamodeld;
			sourceTree = "<group>";
			versionGroupType = wrapper.xcdatamodel;
		};
/* End XCVersionGroup section */
	};
	rootObject = 41019AE82861A9F800CBF3D8 /* Project object */;
}
