// !$*UTF8*$!
{
	archiveVersion = 1;
	classes = {
	};
	objectVersion = 55;
	objects = {

/* Begin PBXBuildFile section */
		41019AF42861A9F800CBF3D8 /* mimoniApp.swift in Sources */ = {isa = PBXBuildFile; fileRef = 41019AF32861A9F800CBF3D8 /* mimoniApp.swift */; };
		41019AF62861A9F800CBF3D8 /* ContentView.swift in Sources */ = {isa = PBXBuildFile; fileRef = 41019AF52861A9F800CBF3D8 /* ContentView.swift */; };
		41019AF82861A9FA00CBF3D8 /* Assets.xcassets in Resources */ = {isa = PBXBuildFile; fileRef = 41019AF72861A9FA00CBF3D8 /* Assets.xcassets */; };
		41019AFB2861A9FA00CBF3D8 /* Preview Assets.xcassets in Resources */ = {isa = PBXBuildFile; fileRef = 41019AFA2861A9FA00CBF3D8 /* Preview Assets.xcassets */; };
		41019AFD2861A9FA00CBF3D8 /* Persistence.swift in Sources */ = {isa = PBXBuildFile; fileRef = 41019AFC2861A9FA00CBF3D8 /* Persistence.swift */; };
		41019B002861A9FA00CBF3D8 /* mimoni.xcdatamodeld in Sources */ = {isa = PBXBuildFile; fileRef = 41019AFE2861A9FA00CBF3D8 /* mimoni.xcdatamodeld */; };
		41019B072861AD1100CBF3D8 /* InputIncome.swift in Sources */ = {isa = PBXBuildFile; fileRef = 41019B062861AD1100CBF3D8 /* InputIncome.swift */; };
		4144A0CD2865985D00917D31 /* SetupBudget.swift in Sources */ = {isa = PBXBuildFile; fileRef = 4144A0CC2865985D00917D31 /* SetupBudget.swift */; };
		416315B62864641600C3B36B /* Wine.swift in Sources */ = {isa = PBXBuildFile; fileRef = 416315B52864641600C3B36B /* Wine.swift */; };
		41BE7EC72869909B00F32CB9 /* AddBudgetView.swift in Sources */ = {isa = PBXBuildFile; fileRef = 41BE7EC62869909B00F32CB9 /* AddBudgetView.swift */; };
		7859CC9C287D588900E22864 /* Charts.framework in Frameworks */ = {isa = PBXBuildFile; fileRef = 7859CC99287D583A00E22864 /* Charts.framework */; platformFilter = ios; };
		7859CC9D287D588900E22864 /* Charts.framework in Embed Frameworks */ = {isa = PBXBuildFile; fileRef = 7859CC99287D583A00E22864 /* Charts.framework */; settings = {ATTRIBUTES = (CodeSignOnCopy, RemoveHeadersOnCopy, ); }; };
		EC0797E12861B2880062E89B /* OnboardingView.swift in Sources */ = {isa = PBXBuildFile; fileRef = EC0797E02861B2880062E89B /* OnboardingView.swift */; };
		EC0797E32861B5C70062E89B /* LaunchView.swift in Sources */ = {isa = PBXBuildFile; fileRef = EC0797E22861B5C70062E89B /* LaunchView.swift */; };
		EC575558286AF36800CA63B4 /* EditBudgetView.swift in Sources */ = {isa = PBXBuildFile; fileRef = EC575557286AF36800CA63B4 /* EditBudgetView.swift */; };
		EC57555D286AF69200CA63B4 /* ModalView in Frameworks */ = {isa = PBXBuildFile; productRef = EC57555C286AF69200CA63B4 /* ModalView */; };
		EC575565287C070E00CA63B4 /* CardView.swift in Sources */ = {isa = PBXBuildFile; fileRef = EC575564287C070E00CA63B4 /* CardView.swift */; };
		EC575567287C0B4C00CA63B4 /* RingsChart.swift in Sources */ = {isa = PBXBuildFile; fileRef = EC575566287C0B4C00CA63B4 /* RingsChart.swift */; };
		EC5953E428630A7200B0C200 /* PieChart.swift in Sources */ = {isa = PBXBuildFile; fileRef = EC5953E328630A7200B0C200 /* PieChart.swift */; };
/* End PBXBuildFile section */

/* Begin PBXContainerItemProxy section */
		7859CC98287D583A00E22864 /* PBXContainerItemProxy */ = {
			isa = PBXContainerItemProxy;
			containerPortal = 7859CC93287D583A00E22864 /* Charts.xcodeproj */;
			proxyType = 2;
			remoteGlobalIDString = 65AD9E95D9ED4DC0BD73A743;
			remoteInfo = Charts;
		};
		7859CC9A287D583A00E22864 /* PBXContainerItemProxy */ = {
			isa = PBXContainerItemProxy;
			containerPortal = 7859CC93287D583A00E22864 /* Charts.xcodeproj */;
			proxyType = 2;
			remoteGlobalIDString = 1CBBC58C6CE1EBEE9852CE41;
			remoteInfo = ChartsTests;
		};
/* End PBXContainerItemProxy section */

/* Begin PBXCopyFilesBuildPhase section */
		41BE7EC528698E7100F32CB9 /* Embed Frameworks */ = {
			isa = PBXCopyFilesBuildPhase;
			buildActionMask = 2147483647;
			dstPath = "";
			dstSubfolderSpec = 10;
			files = (
				7859CC9D287D588900E22864 /* Charts.framework in Embed Frameworks */,
			);
			name = "Embed Frameworks";
			runOnlyForDeploymentPostprocessing = 0;
		};
/* End PBXCopyFilesBuildPhase section */

/* Begin PBXFileReference section */
		41019AF02861A9F800CBF3D8 /* mimoni.app */ = {isa = PBXFileReference; explicitFileType = wrapper.application; includeInIndex = 0; path = mimoni.app; sourceTree = BUILT_PRODUCTS_DIR; };
		41019AF32861A9F800CBF3D8 /* mimoniApp.swift */ = {isa = PBXFileReference; lastKnownFileType = sourcecode.swift; path = mimoniApp.swift; sourceTree = "<group>"; };
		41019AF52861A9F800CBF3D8 /* ContentView.swift */ = {isa = PBXFileReference; lastKnownFileType = sourcecode.swift; path = ContentView.swift; sourceTree = "<group>"; };
		41019AF72861A9FA00CBF3D8 /* Assets.xcassets */ = {isa = PBXFileReference; lastKnownFileType = folder.assetcatalog; path = Assets.xcassets; sourceTree = "<group>"; };
		41019AFA2861A9FA00CBF3D8 /* Preview Assets.xcassets */ = {isa = PBXFileReference; lastKnownFileType = folder.assetcatalog; path = "Preview Assets.xcassets"; sourceTree = "<group>"; };
		41019AFC2861A9FA00CBF3D8 /* Persistence.swift */ = {isa = PBXFileReference; lastKnownFileType = sourcecode.swift; path = Persistence.swift; sourceTree = "<group>"; };
		41019AFF2861A9FA00CBF3D8 /* mimoni.xcdatamodel */ = {isa = PBXFileReference; lastKnownFileType = wrapper.xcdatamodel; path = mimoni.xcdatamodel; sourceTree = "<group>"; };
		41019B062861AD1100CBF3D8 /* InputIncome.swift */ = {isa = PBXFileReference; lastKnownFileType = sourcecode.swift; path = InputIncome.swift; sourceTree = "<group>"; };
		4144A0CC2865985D00917D31 /* SetupBudget.swift */ = {isa = PBXFileReference; lastKnownFileType = sourcecode.swift; path = SetupBudget.swift; sourceTree = "<group>"; };
		416315B52864641600C3B36B /* Wine.swift */ = {isa = PBXFileReference; lastKnownFileType = sourcecode.swift; path = Wine.swift; sourceTree = "<group>"; };
		416315B72864649200C3B36B /* Charts-master */ = {isa = PBXFileReference; lastKnownFileType = wrapper; name = "Charts-master"; path = "../../../../../Downloads/Charts-master"; sourceTree = "<group>"; };
		41BE7EC62869909B00F32CB9 /* AddBudgetView.swift */ = {isa = PBXFileReference; lastKnownFileType = sourcecode.swift; path = AddBudgetView.swift; sourceTree = "<group>"; };
		7859CC93287D583A00E22864 /* Charts.xcodeproj */ = {isa = PBXFileReference; lastKnownFileType = "wrapper.pb-project"; name = Charts.xcodeproj; path = "Charts-master/Charts.xcodeproj"; sourceTree = SOURCE_ROOT; };
		EC0797E02861B2880062E89B /* OnboardingView.swift */ = {isa = PBXFileReference; lastKnownFileType = sourcecode.swift; path = OnboardingView.swift; sourceTree = "<group>"; };
		EC0797E22861B5C70062E89B /* LaunchView.swift */ = {isa = PBXFileReference; lastKnownFileType = sourcecode.swift; path = LaunchView.swift; sourceTree = "<group>"; };
		EC575557286AF36800CA63B4 /* EditBudgetView.swift */ = {isa = PBXFileReference; lastKnownFileType = sourcecode.swift; path = EditBudgetView.swift; sourceTree = "<group>"; };
		EC575564287C070E00CA63B4 /* CardView.swift */ = {isa = PBXFileReference; lastKnownFileType = sourcecode.swift; path = CardView.swift; sourceTree = "<group>"; };
		EC575566287C0B4C00CA63B4 /* RingsChart.swift */ = {isa = PBXFileReference; lastKnownFileType = sourcecode.swift; path = RingsChart.swift; sourceTree = "<group>"; };
		EC5953E328630A7200B0C200 /* PieChart.swift */ = {isa = PBXFileReference; lastKnownFileType = sourcecode.swift; path = PieChart.swift; sourceTree = "<group>"; };
/* End PBXFileReference section */

/* Begin PBXFrameworksBuildPhase section */
		41019AED2861A9F800CBF3D8 /* Frameworks */ = {
			isa = PBXFrameworksBuildPhase;
			buildActionMask = 2147483647;
			files = (
				EC57555D286AF69200CA63B4 /* ModalView in Frameworks */,
				7859CC9C287D588900E22864 /* Charts.framework in Frameworks */,
			);
			runOnlyForDeploymentPostprocessing = 0;
		};
/* End PBXFrameworksBuildPhase section */

/* Begin PBXGroup section */
		41019AE72861A9F800CBF3D8 = {
			isa = PBXGroup;
			children = (
				41019AF22861A9F800CBF3D8 /* mimoni */,
				41019AF12861A9F800CBF3D8 /* Products */,
				EC5953DF2863036300B0C200 /* Frameworks */,
			);
			sourceTree = "<group>";
		};
		41019AF12861A9F800CBF3D8 /* Products */ = {
			isa = PBXGroup;
			children = (
				41019AF02861A9F800CBF3D8 /* mimoni.app */,
			);
			name = Products;
			sourceTree = "<group>";
		};
		41019AF22861A9F800CBF3D8 /* mimoni */ = {
			isa = PBXGroup;
			children = (
				EC575562286ED79300CA63B4 /* object */,
				EC575561286ED74000CA63B4 /* component */,
				EC5953E728631FB400B0C200 /* view */,
				41019AF32861A9F800CBF3D8 /* mimoniApp.swift */,
				41019AF52861A9F800CBF3D8 /* ContentView.swift */,
				41019B062861AD1100CBF3D8 /* InputIncome.swift */,
				4144A0CC2865985D00917D31 /* SetupBudget.swift */,
				41019AF72861A9FA00CBF3D8 /* Assets.xcassets */,
				41019AFC2861A9FA00CBF3D8 /* Persistence.swift */,
				41019AFE2861A9FA00CBF3D8 /* mimoni.xcdatamodeld */,
				7859CC93287D583A00E22864 /* Charts.xcodeproj */,
				41019AF92861A9FA00CBF3D8 /* Preview Content */,
			);
			path = mimoni;
			sourceTree = "<group>";
		};
		41019AF92861A9FA00CBF3D8 /* Preview Content */ = {
			isa = PBXGroup;
			children = (
				41019AFA2861A9FA00CBF3D8 /* Preview Assets.xcassets */,
			);
			path = "Preview Content";
			sourceTree = "<group>";
		};
		7859CC94287D583A00E22864 /* Products */ = {
			isa = PBXGroup;
			children = (
				7859CC99287D583A00E22864 /* Charts.framework */,
				7859CC9B287D583A00E22864 /* ChartsTests.xctest */,
			);
			name = Products;
			sourceTree = "<group>";
		};
		EC0797DF2861B2640062E89B /* onboarding */ = {
			isa = PBXGroup;
			children = (
				EC0797E02861B2880062E89B /* OnboardingView.swift */,
				EC0797E22861B5C70062E89B /* LaunchView.swift */,
			);
			path = onboarding;
			sourceTree = "<group>";
		};
		EC575561286ED74000CA63B4 /* component */ = {
			isa = PBXGroup;
			children = (
				EC5953E328630A7200B0C200 /* PieChart.swift */,
				EC575564287C070E00CA63B4 /* CardView.swift */,
				EC575566287C0B4C00CA63B4 /* RingsChart.swift */,
			);
			path = component;
			sourceTree = "<group>";
		};
		EC575562286ED79300CA63B4 /* object */ = {
			isa = PBXGroup;
			children = (
				416315B52864641600C3B36B /* Wine.swift */,
			);
			path = object;
			sourceTree = "<group>";
		};
		EC575563286ED85200CA63B4 /* modal */ = {
			isa = PBXGroup;
			children = (
				41BE7EC62869909B00F32CB9 /* AddBudgetView.swift */,
				EC575557286AF36800CA63B4 /* EditBudgetView.swift */,
			);
			path = modal;
			sourceTree = "<group>";
		};
		EC5953DF2863036300B0C200 /* Frameworks */ = {
			isa = PBXGroup;
			children = (
				416315B72864649200C3B36B /* Charts-master */,
			);
			name = Frameworks;
			sourceTree = "<group>";
		};
		EC5953E728631FB400B0C200 /* view */ = {
			isa = PBXGroup;
			children = (
				EC575563286ED85200CA63B4 /* modal */,
				EC0797DF2861B2640062E89B /* onboarding */,
			);
			path = view;
			sourceTree = "<group>";
		};
/* End PBXGroup section */

/* Begin PBXNativeTarget section */
		41019AEF2861A9F800CBF3D8 /* mimoni */ = {
			isa = PBXNativeTarget;
			buildConfigurationList = 41019B032861A9FA00CBF3D8 /* Build configuration list for PBXNativeTarget "mimoni" */;
			buildPhases = (
				41019AEC2861A9F800CBF3D8 /* Sources */,
				41019AED2861A9F800CBF3D8 /* Frameworks */,
				41019AEE2861A9F800CBF3D8 /* Resources */,
				41BE7EC528698E7100F32CB9 /* Embed Frameworks */,
			);
			buildRules = (
			);
			dependencies = (
			);
			name = mimoni;
			packageProductDependencies = (
				EC57555C286AF69200CA63B4 /* ModalView */,
			);
			productName = mimoni;
			productReference = 41019AF02861A9F800CBF3D8 /* mimoni.app */;
			productType = "com.apple.product-type.application";
		};
/* End PBXNativeTarget section */

/* Begin PBXProject section */
		41019AE82861A9F800CBF3D8 /* Project object */ = {
			isa = PBXProject;
			attributes = {
				BuildIndependentTargetsInParallel = 1;
				LastSwiftUpdateCheck = 1330;
				LastUpgradeCheck = 1330;
				TargetAttributes = {
					41019AEF2861A9F800CBF3D8 = {
						CreatedOnToolsVersion = 13.3;
					};
				};
			};
			buildConfigurationList = 41019AEB2861A9F800CBF3D8 /* Build configuration list for PBXProject "mimoni" */;
			compatibilityVersion = "Xcode 13.0";
			developmentRegion = en;
			hasScannedForEncodings = 0;
			knownRegions = (
				en,
				Base,
			);
			mainGroup = 41019AE72861A9F800CBF3D8;
			packageReferences = (
				EC57555B286AF69200CA63B4 /* XCRemoteSwiftPackageReference "modal-view" */,
			);
			productRefGroup = 41019AF12861A9F800CBF3D8 /* Products */;
			projectDirPath = "";
			projectReferences = (
				{
					ProductGroup = 7859CC94287D583A00E22864 /* Products */;
					ProjectRef = 7859CC93287D583A00E22864 /* Charts.xcodeproj */;
				},
			);
			projectRoot = "";
			targets = (
				41019AEF2861A9F800CBF3D8 /* mimoni */,
			);
		};
/* End PBXProject section */

/* Begin PBXReferenceProxy section */
		7859CC99287D583A00E22864 /* Charts.framework */ = {
			isa = PBXReferenceProxy;
			fileType = wrapper.framework;
			path = Charts.framework;
			remoteRef = 7859CC98287D583A00E22864 /* PBXContainerItemProxy */;
			sourceTree = BUILT_PRODUCTS_DIR;
		};
		7859CC9B287D583A00E22864 /* ChartsTests.xctest */ = {
			isa = PBXReferenceProxy;
			fileType = wrapper.cfbundle;
			path = ChartsTests.xctest;
			remoteRef = 7859CC9A287D583A00E22864 /* PBXContainerItemProxy */;
			sourceTree = BUILT_PRODUCTS_DIR;
		};
/* End PBXReferenceProxy section */

/* Begin PBXResourcesBuildPhase section */
		41019AEE2861A9F800CBF3D8 /* Resources */ = {
			isa = PBXResourcesBuildPhase;
			buildActionMask = 2147483647;
			files = (
				41019AFB2861A9FA00CBF3D8 /* Preview Assets.xcassets in Resources */,
				41019AF82861A9FA00CBF3D8 /* Assets.xcassets in Resources */,
			);
			runOnlyForDeploymentPostprocessing = 0;
		};
/* End PBXResourcesBuildPhase section */

/* Begin PBXSourcesBuildPhase section */
		41019AEC2861A9F800CBF3D8 /* Sources */ = {
			isa = PBXSourcesBuildPhase;
			buildActionMask = 2147483647;
			files = (
				EC575567287C0B4C00CA63B4 /* RingsChart.swift in Sources */,
				41019B002861A9FA00CBF3D8 /* mimoni.xcdatamodeld in Sources */,
				EC575558286AF36800CA63B4 /* EditBudgetView.swift in Sources */,
				EC0797E32861B5C70062E89B /* LaunchView.swift in Sources */,
				416315B62864641600C3B36B /* Wine.swift in Sources */,
				41019AFD2861A9FA00CBF3D8 /* Persistence.swift in Sources */,
				EC5953E428630A7200B0C200 /* PieChart.swift in Sources */,
				41019AF62861A9F800CBF3D8 /* ContentView.swift in Sources */,
				EC575565287C070E00CA63B4 /* CardView.swift in Sources */,
				EC0797E12861B2880062E89B /* OnboardingView.swift in Sources */,
				41019AF42861A9F800CBF3D8 /* mimoniApp.swift in Sources */,
				41BE7EC72869909B00F32CB9 /* AddBudgetView.swift in Sources */,
				4144A0CD2865985D00917D31 /* SetupBudget.swift in Sources */,
				41019B072861AD1100CBF3D8 /* InputIncome.swift in Sources */,
			);
			runOnlyForDeploymentPostprocessing = 0;
		};
/* End PBXSourcesBuildPhase section */

/* Begin XCBuildConfiguration section */
		41019B012861A9FA00CBF3D8 /* Debug */ = {
			isa = XCBuildConfiguration;
			buildSettings = {
				ALWAYS_SEARCH_USER_PATHS = NO;
				CLANG_ANALYZER_NONNULL = YES;
				CLANG_ANALYZER_NUMBER_OBJECT_CONVERSION = YES_AGGRESSIVE;
				CLANG_CXX_LANGUAGE_STANDARD = "gnu++17";
				CLANG_ENABLE_MODULES = YES;
				CLANG_ENABLE_OBJC_ARC = YES;
				CLANG_ENABLE_OBJC_WEAK = YES;
				CLANG_WARN_BLOCK_CAPTURE_AUTORELEASING = YES;
				CLANG_WARN_BOOL_CONVERSION = YES;
				CLANG_WARN_COMMA = YES;
				CLANG_WARN_CONSTANT_CONVERSION = YES;
				CLANG_WARN_DEPRECATED_OBJC_IMPLEMENTATIONS = YES;
				CLANG_WARN_DIRECT_OBJC_ISA_USAGE = YES_ERROR;
				CLANG_WARN_DOCUMENTATION_COMMENTS = YES;
				CLANG_WARN_EMPTY_BODY = YES;
				CLANG_WARN_ENUM_CONVERSION = YES;
				CLANG_WARN_INFINITE_RECURSION = YES;
				CLANG_WARN_INT_CONVERSION = YES;
				CLANG_WARN_NON_LITERAL_NULL_CONVERSION = YES;
				CLANG_WARN_OBJC_IMPLICIT_RETAIN_SELF = YES;
				CLANG_WARN_OBJC_LITERAL_CONVERSION = YES;
				CLANG_WARN_OBJC_ROOT_CLASS = YES_ERROR;
				CLANG_WARN_QUOTED_INCLUDE_IN_FRAMEWORK_HEADER = YES;
				CLANG_WARN_RANGE_LOOP_ANALYSIS = YES;
				CLANG_WARN_STRICT_PROTOTYPES = YES;
				CLANG_WARN_SUSPICIOUS_MOVE = YES;
				CLANG_WARN_UNGUARDED_AVAILABILITY = YES_AGGRESSIVE;
				CLANG_WARN_UNREACHABLE_CODE = YES;
				CLANG_WARN__DUPLICATE_METHOD_MATCH = YES;
				COPY_PHASE_STRIP = NO;
				DEBUG_INFORMATION_FORMAT = dwarf;
				ENABLE_STRICT_OBJC_MSGSEND = YES;
				ENABLE_TESTABILITY = YES;
				GCC_C_LANGUAGE_STANDARD = gnu11;
				GCC_DYNAMIC_NO_PIC = NO;
				GCC_NO_COMMON_BLOCKS = YES;
				GCC_OPTIMIZATION_LEVEL = 0;
				GCC_PREPROCESSOR_DEFINITIONS = (
					"DEBUG=1",
					"$(inherited)",
				);
				GCC_WARN_64_TO_32_BIT_CONVERSION = YES;
				GCC_WARN_ABOUT_RETURN_TYPE = YES_ERROR;
				GCC_WARN_UNDECLARED_SELECTOR = YES;
				GCC_WARN_UNINITIALIZED_AUTOS = YES_AGGRESSIVE;
				GCC_WARN_UNUSED_FUNCTION = YES;
				GCC_WARN_UNUSED_VARIABLE = YES;
				IPHONEOS_DEPLOYMENT_TARGET = 15.4;
				MTL_ENABLE_DEBUG_INFO = INCLUDE_SOURCE;
				MTL_FAST_MATH = YES;
				ONLY_ACTIVE_ARCH = YES;
				SDKROOT = iphoneos;
				SWIFT_ACTIVE_COMPILATION_CONDITIONS = DEBUG;
				SWIFT_OPTIMIZATION_LEVEL = "-Onone";
			};
			name = Debug;
		};
		41019B022861A9FA00CBF3D8 /* Release */ = {
			isa = XCBuildConfiguration;
			buildSettings = {
				ALWAYS_SEARCH_USER_PATHS = NO;
				CLANG_ANALYZER_NONNULL = YES;
				CLANG_ANALYZER_NUMBER_OBJECT_CONVERSION = YES_AGGRESSIVE;
				CLANG_CXX_LANGUAGE_STANDARD = "gnu++17";
				CLANG_ENABLE_MODULES = YES;
				CLANG_ENABLE_OBJC_ARC = YES;
				CLANG_ENABLE_OBJC_WEAK = YES;
				CLANG_WARN_BLOCK_CAPTURE_AUTORELEASING = YES;
				CLANG_WARN_BOOL_CONVERSION = YES;
				CLANG_WARN_COMMA = YES;
				CLANG_WARN_CONSTANT_CONVERSION = YES;
				CLANG_WARN_DEPRECATED_OBJC_IMPLEMENTATIONS = YES;
				CLANG_WARN_DIRECT_OBJC_ISA_USAGE = YES_ERROR;
				CLANG_WARN_DOCUMENTATION_COMMENTS = YES;
				CLANG_WARN_EMPTY_BODY = YES;
				CLANG_WARN_ENUM_CONVERSION = YES;
				CLANG_WARN_INFINITE_RECURSION = YES;
				CLANG_WARN_INT_CONVERSION = YES;
				CLANG_WARN_NON_LITERAL_NULL_CONVERSION = YES;
				CLANG_WARN_OBJC_IMPLICIT_RETAIN_SELF = YES;
				CLANG_WARN_OBJC_LITERAL_CONVERSION = YES;
				CLANG_WARN_OBJC_ROOT_CLASS = YES_ERROR;
				CLANG_WARN_QUOTED_INCLUDE_IN_FRAMEWORK_HEADER = YES;
				CLANG_WARN_RANGE_LOOP_ANALYSIS = YES;
				CLANG_WARN_STRICT_PROTOTYPES = YES;
				CLANG_WARN_SUSPICIOUS_MOVE = YES;
				CLANG_WARN_UNGUARDED_AVAILABILITY = YES_AGGRESSIVE;
				CLANG_WARN_UNREACHABLE_CODE = YES;
				CLANG_WARN__DUPLICATE_METHOD_MATCH = YES;
				COPY_PHASE_STRIP = NO;
				DEBUG_INFORMATION_FORMAT = "dwarf-with-dsym";
				ENABLE_NS_ASSERTIONS = NO;
				ENABLE_STRICT_OBJC_MSGSEND = YES;
				GCC_C_LANGUAGE_STANDARD = gnu11;
				GCC_NO_COMMON_BLOCKS = YES;
				GCC_WARN_64_TO_32_BIT_CONVERSION = YES;
				GCC_WARN_ABOUT_RETURN_TYPE = YES_ERROR;
				GCC_WARN_UNDECLARED_SELECTOR = YES;
				GCC_WARN_UNINITIALIZED_AUTOS = YES_AGGRESSIVE;
				GCC_WARN_UNUSED_FUNCTION = YES;
				GCC_WARN_UNUSED_VARIABLE = YES;
				IPHONEOS_DEPLOYMENT_TARGET = 15.4;
				MTL_ENABLE_DEBUG_INFO = NO;
				MTL_FAST_MATH = YES;
				SDKROOT = iphoneos;
				SWIFT_COMPILATION_MODE = wholemodule;
				SWIFT_OPTIMIZATION_LEVEL = "-O";
				VALIDATE_PRODUCT = YES;
			};
			name = Release;
		};
		41019B042861A9FA00CBF3D8 /* Debug */ = {
			isa = XCBuildConfiguration;
			buildSettings = {
				ASSETCATALOG_COMPILER_APPICON_NAME = AppIcon;
				ASSETCATALOG_COMPILER_GLOBAL_ACCENT_COLOR_NAME = AccentColor;
				ASSETCATALOG_COMPILER_INCLUDE_ALL_APPICON_ASSETS = YES;
				CODE_SIGN_STYLE = Automatic;
				CURRENT_PROJECT_VERSION = 1;
				DEVELOPMENT_ASSET_PATHS = "\"mimoni/Preview Content\"";
				DEVELOPMENT_TEAM = VZ26QWDH4N;
				ENABLE_PREVIEWS = YES;
				GENERATE_INFOPLIST_FILE = YES;
				INFOPLIST_KEY_UIApplicationSceneManifest_Generation = YES;
				INFOPLIST_KEY_UIApplicationSupportsIndirectInputEvents = YES;
				INFOPLIST_KEY_UILaunchScreen_Generation = YES;
				INFOPLIST_KEY_UISupportedInterfaceOrientations_iPad = "UIInterfaceOrientationPortrait UIInterfaceOrientationPortraitUpsideDown UIInterfaceOrientationLandscapeLeft UIInterfaceOrientationLandscapeRight";
				INFOPLIST_KEY_UISupportedInterfaceOrientations_iPhone = "UIInterfaceOrientationPortrait UIInterfaceOrientationLandscapeLeft UIInterfaceOrientationLandscapeRight";
				LD_RUNPATH_SEARCH_PATHS = (
					"$(inherited)",
					"@executable_path/Frameworks",
				);
				MARKETING_VERSION = 1.0;
				PRODUCT_BUNDLE_IDENTIFIER = com.arnold.mimoni;
				PRODUCT_NAME = "$(TARGET_NAME)";
				SWIFT_EMIT_LOC_STRINGS = YES;
				SWIFT_VERSION = 5.0;
				TARGETED_DEVICE_FAMILY = "1,2";
			};
			name = Debug;
		};
		41019B052861A9FA00CBF3D8 /* Release */ = {
			isa = XCBuildConfiguration;
			buildSettings = {
				ASSETCATALOG_COMPILER_APPICON_NAME = AppIcon;
				ASSETCATALOG_COMPILER_GLOBAL_ACCENT_COLOR_NAME = AccentColor;
				ASSETCATALOG_COMPILER_INCLUDE_ALL_APPICON_ASSETS = YES;
				CODE_SIGN_STYLE = Automatic;
				CURRENT_PROJECT_VERSION = 1;
				DEVELOPMENT_ASSET_PATHS = "\"mimoni/Preview Content\"";
				DEVELOPMENT_TEAM = VZ26QWDH4N;
				ENABLE_PREVIEWS = YES;
				GENERATE_INFOPLIST_FILE = YES;
				INFOPLIST_KEY_UIApplicationSceneManifest_Generation = YES;
				INFOPLIST_KEY_UIApplicationSupportsIndirectInputEvents = YES;
				INFOPLIST_KEY_UILaunchScreen_Generation = YES;
				INFOPLIST_KEY_UISupportedInterfaceOrientations_iPad = "UIInterfaceOrientationPortrait UIInterfaceOrientationPortraitUpsideDown UIInterfaceOrientationLandscapeLeft UIInterfaceOrientationLandscapeRight";
				INFOPLIST_KEY_UISupportedInterfaceOrientations_iPhone = "UIInterfaceOrientationPortrait UIInterfaceOrientationLandscapeLeft UIInterfaceOrientationLandscapeRight";
				LD_RUNPATH_SEARCH_PATHS = (
					"$(inherited)",
					"@executable_path/Frameworks",
				);
				MARKETING_VERSION = 1.0;
				PRODUCT_BUNDLE_IDENTIFIER = com.arnold.mimoni;
				PRODUCT_NAME = "$(TARGET_NAME)";
				SWIFT_EMIT_LOC_STRINGS = YES;
				SWIFT_VERSION = 5.0;
				TARGETED_DEVICE_FAMILY = "1,2";
			};
			name = Release;
		};
/* End XCBuildConfiguration section */

/* Begin XCConfigurationList section */
		41019AEB2861A9F800CBF3D8 /* Build configuration list for PBXProject "mimoni" */ = {
			isa = XCConfigurationList;
			buildConfigurations = (
				41019B012861A9FA00CBF3D8 /* Debug */,
				41019B022861A9FA00CBF3D8 /* Release */,
			);
			defaultConfigurationIsVisible = 0;
			defaultConfigurationName = Release;
		};
		41019B032861A9FA00CBF3D8 /* Build configuration list for PBXNativeTarget "mimoni" */ = {
			isa = XCConfigurationList;
			buildConfigurations = (
				41019B042861A9FA00CBF3D8 /* Debug */,
				41019B052861A9FA00CBF3D8 /* Release */,
			);
			defaultConfigurationIsVisible = 0;
			defaultConfigurationName = Release;
		};
/* End XCConfigurationList section */

/* Begin XCRemoteSwiftPackageReference section */
		EC57555B286AF69200CA63B4 /* XCRemoteSwiftPackageReference "modal-view" */ = {
			isa = XCRemoteSwiftPackageReference;
			repositoryURL = "https://github.com/diniska/modal-view";
			requirement = {
				kind = upToNextMajorVersion;
				minimumVersion = 1.0.0;
			};
		};
/* End XCRemoteSwiftPackageReference section */

/* Begin XCSwiftPackageProductDependency section */
		EC57555C286AF69200CA63B4 /* ModalView */ = {
			isa = XCSwiftPackageProductDependency;
			package = EC57555B286AF69200CA63B4 /* XCRemoteSwiftPackageReference "modal-view" */;
			productName = ModalView;
		};
/* End XCSwiftPackageProductDependency section */

/* Begin XCVersionGroup section */
		41019AFE2861A9FA00CBF3D8 /* mimoni.xcdatamodeld */ = {
			isa = XCVersionGroup;
			children = (
				41019AFF2861A9FA00CBF3D8 /* mimoni.xcdatamodel */,
			);
			currentVersion = 41019AFF2861A9FA00CBF3D8 /* mimoni.xcdatamodel */;
			path = mimoni.xcdatamodeld;
			sourceTree = "<group>";
			versionGroupType = wrapper.xcdatamodel;
		};
/* End XCVersionGroup section */
	};
	rootObject = 41019AE82861A9F800CBF3D8 /* Project object */;
}
